// !$*UTF8*$!
{
	archiveVersion = 1;
	classes = {
	};
	objectVersion = 50;
	objects = {

/* Begin PBXBuildFile section */
		F806117A227BA025005FCABF /* AppDelegate.swift in Sources */ = {isa = PBXBuildFile; fileRef = F8061179227BA025005FCABF /* AppDelegate.swift */; };
		F806117F227BA025005FCABF /* Main.storyboard in Resources */ = {isa = PBXBuildFile; fileRef = F806117D227BA025005FCABF /* Main.storyboard */; };
		F8061181227BA026005FCABF /* Assets.xcassets in Resources */ = {isa = PBXBuildFile; fileRef = F8061180227BA026005FCABF /* Assets.xcassets */; };
		F8061184227BA026005FCABF /* LaunchScreen.storyboard in Resources */ = {isa = PBXBuildFile; fileRef = F8061182227BA026005FCABF /* LaunchScreen.storyboard */; };
		F806118F227BA027005FCABF /* BiomarinPKUTests.swift in Sources */ = {isa = PBXBuildFile; fileRef = F806118E227BA027005FCABF /* BiomarinPKUTests.swift */; };
		F8087B76227BC7B2005BDDEC /* BridgeSDK.framework in Frameworks */ = {isa = PBXBuildFile; fileRef = F8087B75227BC7B2005BDDEC /* BridgeSDK.framework */; };
		F8087B77227BC7B2005BDDEC /* BridgeSDK.framework in Embed Frameworks */ = {isa = PBXBuildFile; fileRef = F8087B75227BC7B2005BDDEC /* BridgeSDK.framework */; settings = {ATTRIBUTES = (CodeSignOnCopy, RemoveHeadersOnCopy, ); }; };
		F8087B79227BC7B2005BDDEC /* BridgeApp.framework in Frameworks */ = {isa = PBXBuildFile; fileRef = F8087B78227BC7B2005BDDEC /* BridgeApp.framework */; };
		F8087B7A227BC7B2005BDDEC /* BridgeApp.framework in Embed Frameworks */ = {isa = PBXBuildFile; fileRef = F8087B78227BC7B2005BDDEC /* BridgeApp.framework */; settings = {ATTRIBUTES = (CodeSignOnCopy, RemoveHeadersOnCopy, ); }; };
		F8087B7C227BC7B2005BDDEC /* MotorControl.framework in Frameworks */ = {isa = PBXBuildFile; fileRef = F8087B7B227BC7B2005BDDEC /* MotorControl.framework */; };
		F8087B7D227BC7B2005BDDEC /* MotorControl.framework in Embed Frameworks */ = {isa = PBXBuildFile; fileRef = F8087B7B227BC7B2005BDDEC /* MotorControl.framework */; settings = {ATTRIBUTES = (CodeSignOnCopy, RemoveHeadersOnCopy, ); }; };
		F8087B7F227BC7B2005BDDEC /* Research.framework in Frameworks */ = {isa = PBXBuildFile; fileRef = F8087B7E227BC7B2005BDDEC /* Research.framework */; };
		F8087B80227BC7B2005BDDEC /* Research.framework in Embed Frameworks */ = {isa = PBXBuildFile; fileRef = F8087B7E227BC7B2005BDDEC /* Research.framework */; settings = {ATTRIBUTES = (CodeSignOnCopy, RemoveHeadersOnCopy, ); }; };
		F8087B82227BC7B2005BDDEC /* ResearchUI.framework in Frameworks */ = {isa = PBXBuildFile; fileRef = F8087B81227BC7B2005BDDEC /* ResearchUI.framework */; };
		F8087B83227BC7B2005BDDEC /* ResearchUI.framework in Embed Frameworks */ = {isa = PBXBuildFile; fileRef = F8087B81227BC7B2005BDDEC /* ResearchUI.framework */; settings = {ATTRIBUTES = (CodeSignOnCopy, RemoveHeadersOnCopy, ); }; };
		F8087B85227BC7B2005BDDEC /* ResearchRecorders.framework in Frameworks */ = {isa = PBXBuildFile; fileRef = F8087B84227BC7B2005BDDEC /* ResearchRecorders.framework */; };
		F8087B86227BC7B2005BDDEC /* ResearchRecorders.framework in Embed Frameworks */ = {isa = PBXBuildFile; fileRef = F8087B84227BC7B2005BDDEC /* ResearchRecorders.framework */; settings = {ATTRIBUTES = (CodeSignOnCopy, RemoveHeadersOnCopy, ); }; };
		F8087B8F227BCA16005BDDEC /* BridgeInfo-private.plist in Resources */ = {isa = PBXBuildFile; fileRef = F8087B8D227BCA16005BDDEC /* BridgeInfo-private.plist */; };
		F8087B90227BCA16005BDDEC /* biomarin-pku.pem in Resources */ = {isa = PBXBuildFile; fileRef = F8087B8E227BCA16005BDDEC /* biomarin-pku.pem */; };
		F8087B92227BCA40005BDDEC /* BridgeInfo.plist in Resources */ = {isa = PBXBuildFile; fileRef = F8087B91227BCA40005BDDEC /* BridgeInfo.plist */; };
		F8087BA4227BDA63005BDDEC /* ExternalIDRegistrationViewController.swift in Sources */ = {isa = PBXBuildFile; fileRef = F8087BA3227BDA63005BDDEC /* ExternalIDRegistrationViewController.swift */; };
		F8087BA6227BDC4D005BDDEC /* TaskListTableViewController.swift in Sources */ = {isa = PBXBuildFile; fileRef = F8087BA5227BDC4D005BDDEC /* TaskListTableViewController.swift */; };
		F8087BAB227BDE94005BDDEC /* MotorControl+Bridge.swift in Sources */ = {isa = PBXBuildFile; fileRef = F8087BAA227BDE94005BDDEC /* MotorControl+Bridge.swift */; };
		F8087BAD227BEB95005BDDEC /* TaskListScheduleManager.swift in Sources */ = {isa = PBXBuildFile; fileRef = F8087BAC227BEB95005BDDEC /* TaskListScheduleManager.swift */; };
/* End PBXBuildFile section */

/* Begin PBXContainerItemProxy section */
		F806118B227BA027005FCABF /* PBXContainerItemProxy */ = {
			isa = PBXContainerItemProxy;
			containerPortal = F806116E227BA025005FCABF /* Project object */;
			proxyType = 1;
			remoteGlobalIDString = F8061175227BA025005FCABF;
			remoteInfo = BiomarinPKU;
		};
/* End PBXContainerItemProxy section */

/* Begin PBXCopyFilesBuildPhase section */
		F8087B87227BC7B2005BDDEC /* Embed Frameworks */ = {
			isa = PBXCopyFilesBuildPhase;
			buildActionMask = 2147483647;
			dstPath = "";
			dstSubfolderSpec = 10;
			files = (
				F8087B7D227BC7B2005BDDEC /* MotorControl.framework in Embed Frameworks */,
				F8087B86227BC7B2005BDDEC /* ResearchRecorders.framework in Embed Frameworks */,
				F8087B77227BC7B2005BDDEC /* BridgeSDK.framework in Embed Frameworks */,
				F8087B7A227BC7B2005BDDEC /* BridgeApp.framework in Embed Frameworks */,
				F8087B80227BC7B2005BDDEC /* Research.framework in Embed Frameworks */,
				F8087B83227BC7B2005BDDEC /* ResearchUI.framework in Embed Frameworks */,
			);
			name = "Embed Frameworks";
			runOnlyForDeploymentPostprocessing = 0;
		};
/* End PBXCopyFilesBuildPhase section */

/* Begin PBXFileReference section */
		F8061176227BA025005FCABF /* BiomarinPKU.app */ = {isa = PBXFileReference; explicitFileType = wrapper.application; includeInIndex = 0; path = BiomarinPKU.app; sourceTree = BUILT_PRODUCTS_DIR; };
		F8061179227BA025005FCABF /* AppDelegate.swift */ = {isa = PBXFileReference; lastKnownFileType = sourcecode.swift; path = AppDelegate.swift; sourceTree = "<group>"; };
		F806117E227BA025005FCABF /* Base */ = {isa = PBXFileReference; lastKnownFileType = file.storyboard; name = Base; path = Base.lproj/Main.storyboard; sourceTree = "<group>"; };
		F8061180227BA026005FCABF /* Assets.xcassets */ = {isa = PBXFileReference; lastKnownFileType = folder.assetcatalog; path = Assets.xcassets; sourceTree = "<group>"; };
		F8061183227BA026005FCABF /* Base */ = {isa = PBXFileReference; lastKnownFileType = file.storyboard; name = Base; path = Base.lproj/LaunchScreen.storyboard; sourceTree = "<group>"; };
		F8061185227BA026005FCABF /* Info.plist */ = {isa = PBXFileReference; lastKnownFileType = text.plist.xml; path = Info.plist; sourceTree = "<group>"; };
		F806118A227BA027005FCABF /* BiomarinPKUTests.xctest */ = {isa = PBXFileReference; explicitFileType = wrapper.cfbundle; includeInIndex = 0; path = BiomarinPKUTests.xctest; sourceTree = BUILT_PRODUCTS_DIR; };
		F806118E227BA027005FCABF /* BiomarinPKUTests.swift */ = {isa = PBXFileReference; lastKnownFileType = sourcecode.swift; path = BiomarinPKUTests.swift; sourceTree = "<group>"; };
		F8061190227BA027005FCABF /* Info.plist */ = {isa = PBXFileReference; lastKnownFileType = text.plist.xml; path = Info.plist; sourceTree = "<group>"; };
		F8087B75227BC7B2005BDDEC /* BridgeSDK.framework */ = {isa = PBXFileReference; explicitFileType = wrapper.framework; path = BridgeSDK.framework; sourceTree = BUILT_PRODUCTS_DIR; };
		F8087B78227BC7B2005BDDEC /* BridgeApp.framework */ = {isa = PBXFileReference; explicitFileType = wrapper.framework; path = BridgeApp.framework; sourceTree = BUILT_PRODUCTS_DIR; };
		F8087B7B227BC7B2005BDDEC /* MotorControl.framework */ = {isa = PBXFileReference; explicitFileType = wrapper.framework; path = MotorControl.framework; sourceTree = BUILT_PRODUCTS_DIR; };
		F8087B7E227BC7B2005BDDEC /* Research.framework */ = {isa = PBXFileReference; explicitFileType = wrapper.framework; path = Research.framework; sourceTree = BUILT_PRODUCTS_DIR; };
		F8087B81227BC7B2005BDDEC /* ResearchUI.framework */ = {isa = PBXFileReference; explicitFileType = wrapper.framework; path = ResearchUI.framework; sourceTree = BUILT_PRODUCTS_DIR; };
		F8087B84227BC7B2005BDDEC /* ResearchRecorders.framework */ = {isa = PBXFileReference; explicitFileType = wrapper.framework; path = ResearchRecorders.framework; sourceTree = BUILT_PRODUCTS_DIR; };
		F8087B8D227BCA16005BDDEC /* BridgeInfo-private.plist */ = {isa = PBXFileReference; fileEncoding = 4; lastKnownFileType = text.plist.xml; name = "BridgeInfo-private.plist"; path = "../../../iOSPrivateProjectInfo/BiomarinPKU/BridgeInfo-private.plist"; sourceTree = "<group>"; };
		F8087B8E227BCA16005BDDEC /* biomarin-pku.pem */ = {isa = PBXFileReference; fileEncoding = 4; lastKnownFileType = text; name = "biomarin-pku.pem"; path = "../../../iOSPrivateProjectInfo/BiomarinPKU/biomarin-pku.pem"; sourceTree = "<group>"; };
		F8087B91227BCA40005BDDEC /* BridgeInfo.plist */ = {isa = PBXFileReference; fileEncoding = 4; lastKnownFileType = text.plist.xml; path = BridgeInfo.plist; sourceTree = "<group>"; };
		F8087B93227BCA92005BDDEC /* BiomarinPKU.entitlements */ = {isa = PBXFileReference; lastKnownFileType = text.plist.entitlements; path = BiomarinPKU.entitlements; sourceTree = "<group>"; };
		F8087BA3227BDA63005BDDEC /* ExternalIDRegistrationViewController.swift */ = {isa = PBXFileReference; fileEncoding = 4; lastKnownFileType = sourcecode.swift; path = ExternalIDRegistrationViewController.swift; sourceTree = "<group>"; };
		F8087BA5227BDC4D005BDDEC /* TaskListTableViewController.swift */ = {isa = PBXFileReference; lastKnownFileType = sourcecode.swift; path = TaskListTableViewController.swift; sourceTree = "<group>"; };
		F8087BAA227BDE94005BDDEC /* MotorControl+Bridge.swift */ = {isa = PBXFileReference; lastKnownFileType = sourcecode.swift; path = "MotorControl+Bridge.swift"; sourceTree = "<group>"; };
		F8087BAC227BEB95005BDDEC /* TaskListScheduleManager.swift */ = {isa = PBXFileReference; lastKnownFileType = sourcecode.swift; path = TaskListScheduleManager.swift; sourceTree = "<group>"; };
/* End PBXFileReference section */

/* Begin PBXFrameworksBuildPhase section */
		F8061173227BA025005FCABF /* Frameworks */ = {
			isa = PBXFrameworksBuildPhase;
			buildActionMask = 2147483647;
			files = (
				F8087B7C227BC7B2005BDDEC /* MotorControl.framework in Frameworks */,
				F8087B85227BC7B2005BDDEC /* ResearchRecorders.framework in Frameworks */,
				F8087B76227BC7B2005BDDEC /* BridgeSDK.framework in Frameworks */,
				F8087B79227BC7B2005BDDEC /* BridgeApp.framework in Frameworks */,
				F8087B7F227BC7B2005BDDEC /* Research.framework in Frameworks */,
				F8087B82227BC7B2005BDDEC /* ResearchUI.framework in Frameworks */,
			);
			runOnlyForDeploymentPostprocessing = 0;
		};
		F8061187227BA027005FCABF /* Frameworks */ = {
			isa = PBXFrameworksBuildPhase;
			buildActionMask = 2147483647;
			files = (
			);
			runOnlyForDeploymentPostprocessing = 0;
		};
/* End PBXFrameworksBuildPhase section */

/* Begin PBXGroup section */
		F806116D227BA025005FCABF = {
			isa = PBXGroup;
			children = (
				F8061178227BA025005FCABF /* BiomarinPKU */,
				F806118D227BA027005FCABF /* BiomarinPKUTests */,
				F8087B88227BC7CB005BDDEC /* Frameworks */,
				F8061177227BA025005FCABF /* Products */,
			);
			sourceTree = "<group>";
		};
		F8061177227BA025005FCABF /* Products */ = {
			isa = PBXGroup;
			children = (
				F8061176227BA025005FCABF /* BiomarinPKU.app */,
				F806118A227BA027005FCABF /* BiomarinPKUTests.xctest */,
			);
			name = Products;
			sourceTree = "<group>";
		};
		F8061178227BA025005FCABF /* BiomarinPKU */ = {
			isa = PBXGroup;
			children = (
				F8061179227BA025005FCABF /* AppDelegate.swift */,
				F806117D227BA025005FCABF /* Main.storyboard */,
				F8061180227BA026005FCABF /* Assets.xcassets */,
				F8061182227BA026005FCABF /* LaunchScreen.storyboard */,
				F8087BA7227BDC97005BDDEC /* Model */,
				F8087BA2227BDA4E005BDDEC /* View Controllers */,
				F8087B8C227BC9E4005BDDEC /* Support Files */,
			);
			path = BiomarinPKU;
			sourceTree = "<group>";
		};
		F806118D227BA027005FCABF /* BiomarinPKUTests */ = {
			isa = PBXGroup;
			children = (
				F806118E227BA027005FCABF /* BiomarinPKUTests.swift */,
				F8061190227BA027005FCABF /* Info.plist */,
			);
			path = BiomarinPKUTests;
			sourceTree = "<group>";
		};
		F8087B88227BC7CB005BDDEC /* Frameworks */ = {
			isa = PBXGroup;
			children = (
				F8087B84227BC7B2005BDDEC /* ResearchRecorders.framework */,
				F8087B81227BC7B2005BDDEC /* ResearchUI.framework */,
				F8087B7E227BC7B2005BDDEC /* Research.framework */,
				F8087B7B227BC7B2005BDDEC /* MotorControl.framework */,
				F8087B78227BC7B2005BDDEC /* BridgeApp.framework */,
				F8087B75227BC7B2005BDDEC /* BridgeSDK.framework */,
			);
			path = Frameworks;
			sourceTree = "<group>";
		};
		F8087B8C227BC9E4005BDDEC /* Support Files */ = {
			isa = PBXGroup;
			children = (
				F8087B93227BCA92005BDDEC /* BiomarinPKU.entitlements */,
				F8087B91227BCA40005BDDEC /* BridgeInfo.plist */,
				F8087B8D227BCA16005BDDEC /* BridgeInfo-private.plist */,
				F8087B8E227BCA16005BDDEC /* biomarin-pku.pem */,
				F8061185227BA026005FCABF /* Info.plist */,
			);
			name = "Support Files";
			sourceTree = "<group>";
		};
		F8087BA2227BDA4E005BDDEC /* View Controllers */ = {
			isa = PBXGroup;
			children = (
				F8087BA3227BDA63005BDDEC /* ExternalIDRegistrationViewController.swift */,
				F8087BA5227BDC4D005BDDEC /* TaskListTableViewController.swift */,
			);
			name = "View Controllers";
			sourceTree = "<group>";
		};
		F8087BA7227BDC97005BDDEC /* Model */ = {
			isa = PBXGroup;
			children = (
				F8087BAA227BDE94005BDDEC /* MotorControl+Bridge.swift */,
				F8087BAC227BEB95005BDDEC /* TaskListScheduleManager.swift */,
			);
			name = Model;
			sourceTree = "<group>";
		};
/* End PBXGroup section */

/* Begin PBXNativeTarget section */
		F8061175227BA025005FCABF /* BiomarinPKU */ = {
			isa = PBXNativeTarget;
			buildConfigurationList = F8061193227BA027005FCABF /* Build configuration list for PBXNativeTarget "BiomarinPKU" */;
			buildPhases = (
				F8061172227BA025005FCABF /* Sources */,
				F8061173227BA025005FCABF /* Frameworks */,
				F8061174227BA025005FCABF /* Resources */,
				F8087B87227BC7B2005BDDEC /* Embed Frameworks */,
			);
			buildRules = (
			);
			dependencies = (
			);
			name = BiomarinPKU;
			productName = BiomarinPKU;
			productReference = F8061176227BA025005FCABF /* BiomarinPKU.app */;
			productType = "com.apple.product-type.application";
		};
		F8061189227BA027005FCABF /* BiomarinPKUTests */ = {
			isa = PBXNativeTarget;
			buildConfigurationList = F8061196227BA027005FCABF /* Build configuration list for PBXNativeTarget "BiomarinPKUTests" */;
			buildPhases = (
				F8061186227BA027005FCABF /* Sources */,
				F8061187227BA027005FCABF /* Frameworks */,
				F8061188227BA027005FCABF /* Resources */,
			);
			buildRules = (
			);
			dependencies = (
				F806118C227BA027005FCABF /* PBXTargetDependency */,
			);
			name = BiomarinPKUTests;
			productName = BiomarinPKUTests;
			productReference = F806118A227BA027005FCABF /* BiomarinPKUTests.xctest */;
			productType = "com.apple.product-type.bundle.unit-test";
		};
/* End PBXNativeTarget section */

/* Begin PBXProject section */
		F806116E227BA025005FCABF /* Project object */ = {
			isa = PBXProject;
			attributes = {
				LastSwiftUpdateCheck = 1020;
				LastUpgradeCheck = 1020;
				ORGANIZATIONNAME = "Sage Bionetworks";
				TargetAttributes = {
					F8061175227BA025005FCABF = {
						CreatedOnToolsVersion = 10.2;
						SystemCapabilities = {
							com.apple.ApplicationGroups.iOS = {
								enabled = 1;
							};
							com.apple.BackgroundModes = {
								enabled = 1;
							};
							com.apple.DataProtection = {
								enabled = 1;
							};
							com.apple.InterAppAudio = {
								enabled = 0;
							};
							com.apple.Keychain = {
								enabled = 0;
							};
						};
					};
					F8061189227BA027005FCABF = {
						CreatedOnToolsVersion = 10.2;
						TestTargetID = F8061175227BA025005FCABF;
					};
				};
			};
			buildConfigurationList = F8061171227BA025005FCABF /* Build configuration list for PBXProject "BiomarinPKU" */;
			compatibilityVersion = "Xcode 9.3";
			developmentRegion = en;
			hasScannedForEncodings = 0;
			knownRegions = (
				en,
				Base,
			);
			mainGroup = F806116D227BA025005FCABF;
			productRefGroup = F8061177227BA025005FCABF /* Products */;
			projectDirPath = "";
			projectRoot = "";
			targets = (
				F8061175227BA025005FCABF /* BiomarinPKU */,
				F8061189227BA027005FCABF /* BiomarinPKUTests */,
			);
		};
/* End PBXProject section */

/* Begin PBXResourcesBuildPhase section */
		F8061174227BA025005FCABF /* Resources */ = {
			isa = PBXResourcesBuildPhase;
			buildActionMask = 2147483647;
			files = (
				F8061184227BA026005FCABF /* LaunchScreen.storyboard in Resources */,
				F8087B92227BCA40005BDDEC /* BridgeInfo.plist in Resources */,
				F8087B90227BCA16005BDDEC /* biomarin-pku.pem in Resources */,
				F8061181227BA026005FCABF /* Assets.xcassets in Resources */,
				F806117F227BA025005FCABF /* Main.storyboard in Resources */,
				F8087B8F227BCA16005BDDEC /* BridgeInfo-private.plist in Resources */,
			);
			runOnlyForDeploymentPostprocessing = 0;
		};
		F8061188227BA027005FCABF /* Resources */ = {
			isa = PBXResourcesBuildPhase;
			buildActionMask = 2147483647;
			files = (
			);
			runOnlyForDeploymentPostprocessing = 0;
		};
/* End PBXResourcesBuildPhase section */

/* Begin PBXSourcesBuildPhase section */
		F8061172227BA025005FCABF /* Sources */ = {
			isa = PBXSourcesBuildPhase;
			buildActionMask = 2147483647;
			files = (
				F806117A227BA025005FCABF /* AppDelegate.swift in Sources */,
				F8087BA6227BDC4D005BDDEC /* TaskListTableViewController.swift in Sources */,
				F8087BA4227BDA63005BDDEC /* ExternalIDRegistrationViewController.swift in Sources */,
				F8087BAB227BDE94005BDDEC /* MotorControl+Bridge.swift in Sources */,
				F8087BAD227BEB95005BDDEC /* TaskListScheduleManager.swift in Sources */,
			);
			runOnlyForDeploymentPostprocessing = 0;
		};
		F8061186227BA027005FCABF /* Sources */ = {
			isa = PBXSourcesBuildPhase;
			buildActionMask = 2147483647;
			files = (
				F806118F227BA027005FCABF /* BiomarinPKUTests.swift in Sources */,
			);
			runOnlyForDeploymentPostprocessing = 0;
		};
/* End PBXSourcesBuildPhase section */

/* Begin PBXTargetDependency section */
		F806118C227BA027005FCABF /* PBXTargetDependency */ = {
			isa = PBXTargetDependency;
			target = F8061175227BA025005FCABF /* BiomarinPKU */;
			targetProxy = F806118B227BA027005FCABF /* PBXContainerItemProxy */;
		};
/* End PBXTargetDependency section */

/* Begin PBXVariantGroup section */
		F806117D227BA025005FCABF /* Main.storyboard */ = {
			isa = PBXVariantGroup;
			children = (
				F806117E227BA025005FCABF /* Base */,
			);
			name = Main.storyboard;
			sourceTree = "<group>";
		};
		F8061182227BA026005FCABF /* LaunchScreen.storyboard */ = {
			isa = PBXVariantGroup;
			children = (
				F8061183227BA026005FCABF /* Base */,
			);
			name = LaunchScreen.storyboard;
			sourceTree = "<group>";
		};
/* End PBXVariantGroup section */

/* Begin XCBuildConfiguration section */
		F8061191227BA027005FCABF /* Debug */ = {
			isa = XCBuildConfiguration;
			buildSettings = {
				ALWAYS_SEARCH_USER_PATHS = NO;
				CLANG_ANALYZER_NONNULL = YES;
				CLANG_ANALYZER_NUMBER_OBJECT_CONVERSION = YES_AGGRESSIVE;
				CLANG_CXX_LANGUAGE_STANDARD = "gnu++14";
				CLANG_CXX_LIBRARY = "libc++";
				CLANG_ENABLE_MODULES = YES;
				CLANG_ENABLE_OBJC_ARC = YES;
				CLANG_ENABLE_OBJC_WEAK = YES;
				CLANG_WARN_BLOCK_CAPTURE_AUTORELEASING = YES;
				CLANG_WARN_BOOL_CONVERSION = YES;
				CLANG_WARN_COMMA = YES;
				CLANG_WARN_CONSTANT_CONVERSION = YES;
				CLANG_WARN_DEPRECATED_OBJC_IMPLEMENTATIONS = YES;
				CLANG_WARN_DIRECT_OBJC_ISA_USAGE = YES_ERROR;
				CLANG_WARN_DOCUMENTATION_COMMENTS = YES;
				CLANG_WARN_EMPTY_BODY = YES;
				CLANG_WARN_ENUM_CONVERSION = YES;
				CLANG_WARN_INFINITE_RECURSION = YES;
				CLANG_WARN_INT_CONVERSION = YES;
				CLANG_WARN_NON_LITERAL_NULL_CONVERSION = YES;
				CLANG_WARN_OBJC_IMPLICIT_RETAIN_SELF = YES;
				CLANG_WARN_OBJC_LITERAL_CONVERSION = YES;
				CLANG_WARN_OBJC_ROOT_CLASS = YES_ERROR;
				CLANG_WARN_RANGE_LOOP_ANALYSIS = YES;
				CLANG_WARN_STRICT_PROTOTYPES = YES;
				CLANG_WARN_SUSPICIOUS_MOVE = YES;
				CLANG_WARN_UNGUARDED_AVAILABILITY = YES_AGGRESSIVE;
				CLANG_WARN_UNREACHABLE_CODE = YES;
				CLANG_WARN__DUPLICATE_METHOD_MATCH = YES;
				CODE_SIGN_IDENTITY = "iPhone Developer";
				COPY_PHASE_STRIP = NO;
				DEBUG_INFORMATION_FORMAT = dwarf;
				ENABLE_STRICT_OBJC_MSGSEND = YES;
				ENABLE_TESTABILITY = YES;
				GCC_C_LANGUAGE_STANDARD = gnu11;
				GCC_DYNAMIC_NO_PIC = NO;
				GCC_NO_COMMON_BLOCKS = YES;
				GCC_OPTIMIZATION_LEVEL = 0;
				GCC_PREPROCESSOR_DEFINITIONS = (
					"DEBUG=1",
					"$(inherited)",
				);
				GCC_WARN_64_TO_32_BIT_CONVERSION = YES;
				GCC_WARN_ABOUT_RETURN_TYPE = YES_ERROR;
				GCC_WARN_UNDECLARED_SELECTOR = YES;
				GCC_WARN_UNINITIALIZED_AUTOS = YES_AGGRESSIVE;
				GCC_WARN_UNUSED_FUNCTION = YES;
				GCC_WARN_UNUSED_VARIABLE = YES;
				IPHONEOS_DEPLOYMENT_TARGET = 12.2;
				MTL_ENABLE_DEBUG_INFO = INCLUDE_SOURCE;
				MTL_FAST_MATH = YES;
				ONLY_ACTIVE_ARCH = YES;
				SDKROOT = iphoneos;
				SWIFT_ACTIVE_COMPILATION_CONDITIONS = DEBUG;
				SWIFT_OPTIMIZATION_LEVEL = "-Onone";
			};
			name = Debug;
		};
		F8061192227BA027005FCABF /* Release */ = {
			isa = XCBuildConfiguration;
			buildSettings = {
				ALWAYS_SEARCH_USER_PATHS = NO;
				CLANG_ANALYZER_NONNULL = YES;
				CLANG_ANALYZER_NUMBER_OBJECT_CONVERSION = YES_AGGRESSIVE;
				CLANG_CXX_LANGUAGE_STANDARD = "gnu++14";
				CLANG_CXX_LIBRARY = "libc++";
				CLANG_ENABLE_MODULES = YES;
				CLANG_ENABLE_OBJC_ARC = YES;
				CLANG_ENABLE_OBJC_WEAK = YES;
				CLANG_WARN_BLOCK_CAPTURE_AUTORELEASING = YES;
				CLANG_WARN_BOOL_CONVERSION = YES;
				CLANG_WARN_COMMA = YES;
				CLANG_WARN_CONSTANT_CONVERSION = YES;
				CLANG_WARN_DEPRECATED_OBJC_IMPLEMENTATIONS = YES;
				CLANG_WARN_DIRECT_OBJC_ISA_USAGE = YES_ERROR;
				CLANG_WARN_DOCUMENTATION_COMMENTS = YES;
				CLANG_WARN_EMPTY_BODY = YES;
				CLANG_WARN_ENUM_CONVERSION = YES;
				CLANG_WARN_INFINITE_RECURSION = YES;
				CLANG_WARN_INT_CONVERSION = YES;
				CLANG_WARN_NON_LITERAL_NULL_CONVERSION = YES;
				CLANG_WARN_OBJC_IMPLICIT_RETAIN_SELF = YES;
				CLANG_WARN_OBJC_LITERAL_CONVERSION = YES;
				CLANG_WARN_OBJC_ROOT_CLASS = YES_ERROR;
				CLANG_WARN_RANGE_LOOP_ANALYSIS = YES;
				CLANG_WARN_STRICT_PROTOTYPES = YES;
				CLANG_WARN_SUSPICIOUS_MOVE = YES;
				CLANG_WARN_UNGUARDED_AVAILABILITY = YES_AGGRESSIVE;
				CLANG_WARN_UNREACHABLE_CODE = YES;
				CLANG_WARN__DUPLICATE_METHOD_MATCH = YES;
				CODE_SIGN_IDENTITY = "iPhone Developer";
				COPY_PHASE_STRIP = NO;
				DEBUG_INFORMATION_FORMAT = "dwarf-with-dsym";
				ENABLE_NS_ASSERTIONS = NO;
				ENABLE_STRICT_OBJC_MSGSEND = YES;
				GCC_C_LANGUAGE_STANDARD = gnu11;
				GCC_NO_COMMON_BLOCKS = YES;
				GCC_WARN_64_TO_32_BIT_CONVERSION = YES;
				GCC_WARN_ABOUT_RETURN_TYPE = YES_ERROR;
				GCC_WARN_UNDECLARED_SELECTOR = YES;
				GCC_WARN_UNINITIALIZED_AUTOS = YES_AGGRESSIVE;
				GCC_WARN_UNUSED_FUNCTION = YES;
				GCC_WARN_UNUSED_VARIABLE = YES;
				IPHONEOS_DEPLOYMENT_TARGET = 12.2;
				MTL_ENABLE_DEBUG_INFO = NO;
				MTL_FAST_MATH = YES;
				SDKROOT = iphoneos;
				SWIFT_COMPILATION_MODE = wholemodule;
				SWIFT_OPTIMIZATION_LEVEL = "-O";
				VALIDATE_PRODUCT = YES;
			};
			name = Release;
		};
		F8061194227BA027005FCABF /* Debug */ = {
			isa = XCBuildConfiguration;
			buildSettings = {
				ASSETCATALOG_COMPILER_APPICON_NAME = AppIcon;
				CODE_SIGN_ENTITLEMENTS = BiomarinPKU/BiomarinPKU.entitlements;
				CODE_SIGN_STYLE = Manual;
				DEVELOPMENT_TEAM = KA9Z8R6M6K;
				INFOPLIST_FILE = BiomarinPKU/Info.plist;
				LD_RUNPATH_SEARCH_PATHS = (
					"$(inherited)",
					"@executable_path/Frameworks",
				);
				PRODUCT_BUNDLE_IDENTIFIER = org.sagebionetworks.BiomarinPKU;
				PRODUCT_NAME = "$(TARGET_NAME)";
				PROVISIONING_PROFILE_SPECIFIER = "match Development org.sagebionetworks.BiomarinPKU";
				SWIFT_VERSION = 5.0;
				TARGETED_DEVICE_FAMILY = "1,2";
			};
			name = Debug;
		};
		F8061195227BA027005FCABF /* Release */ = {
			isa = XCBuildConfiguration;
			buildSettings = {
				ASSETCATALOG_COMPILER_APPICON_NAME = AppIcon;
				CODE_SIGN_ENTITLEMENTS = BiomarinPKU/BiomarinPKU.entitlements;
				CODE_SIGN_IDENTITY = "iPhone Distribution";
				CODE_SIGN_STYLE = Manual;
				DEVELOPMENT_TEAM = KA9Z8R6M6K;
				INFOPLIST_FILE = BiomarinPKU/Info.plist;
				LD_RUNPATH_SEARCH_PATHS = (
					"$(inherited)",
					"@executable_path/Frameworks",
				);
				PRODUCT_BUNDLE_IDENTIFIER = org.sagebionetworks.BiomarinPKU;
				PRODUCT_NAME = "$(TARGET_NAME)";
				PROVISIONING_PROFILE_SPECIFIER = "match Distribution org.sagebionetworks.BiomarinPKU";
				SWIFT_VERSION = 5.0;
				TARGETED_DEVICE_FAMILY = "1,2";
			};
			name = Release;
		};
		F8061197227BA027005FCABF /* Debug */ = {
			isa = XCBuildConfiguration;
			buildSettings = {
				ALWAYS_EMBED_SWIFT_STANDARD_LIBRARIES = YES;
				BUNDLE_LOADER = "$(TEST_HOST)";
				CODE_SIGN_STYLE = Automatic;
				DEVELOPMENT_TEAM = KA9Z8R6M6K;
				INFOPLIST_FILE = BiomarinPKUTests/Info.plist;
				LD_RUNPATH_SEARCH_PATHS = (
					"$(inherited)",
					"@executable_path/Frameworks",
					"@loader_path/Frameworks",
				);
				PRODUCT_BUNDLE_IDENTIFIER = org.sagebionetworks.BiomarinPKUTests;
				PRODUCT_NAME = "$(TARGET_NAME)";
				SWIFT_VERSION = 5.0;
				TARGETED_DEVICE_FAMILY = "1,2";
				TEST_HOST = "$(BUILT_PRODUCTS_DIR)/BiomarinPKU.app/BiomarinPKU";
			};
			name = Debug;
		};
		F8061198227BA027005FCABF /* Release */ = {
			isa = XCBuildConfiguration;
			buildSettings = {
				ALWAYS_EMBED_SWIFT_STANDARD_LIBRARIES = YES;
				BUNDLE_LOADER = "$(TEST_HOST)";
				CODE_SIGN_STYLE = Automatic;
				DEVELOPMENT_TEAM = KA9Z8R6M6K;
				INFOPLIST_FILE = BiomarinPKUTests/Info.plist;
				LD_RUNPATH_SEARCH_PATHS = (
					"$(inherited)",
					"@executable_path/Frameworks",
					"@loader_path/Frameworks",
				);
				PRODUCT_BUNDLE_IDENTIFIER = org.sagebionetworks.BiomarinPKUTests;
				PRODUCT_NAME = "$(TARGET_NAME)";
				SWIFT_VERSION = 5.0;
				TARGETED_DEVICE_FAMILY = "1,2";
				TEST_HOST = "$(BUILT_PRODUCTS_DIR)/BiomarinPKU.app/BiomarinPKU";
			};
			name = Release;
		};
/* End XCBuildConfiguration section */

/* Begin XCConfigurationList section */
		F8061171227BA025005FCABF /* Build configuration list for PBXProject "BiomarinPKU" */ = {
			isa = XCConfigurationList;
			buildConfigurations = (
				F8061191227BA027005FCABF /* Debug */,
				F8061192227BA027005FCABF /* Release */,
			);
			defaultConfigurationIsVisible = 0;
			defaultConfigurationName = Release;
		};
		F8061193227BA027005FCABF /* Build configuration list for PBXNativeTarget "BiomarinPKU" */ = {
			isa = XCConfigurationList;
			buildConfigurations = (
				F8061194227BA027005FCABF /* Debug */,
				F8061195227BA027005FCABF /* Release */,
			);
			defaultConfigurationIsVisible = 0;
			defaultConfigurationName = Release;
		};
		F8061196227BA027005FCABF /* Build configuration list for PBXNativeTarget "BiomarinPKUTests" */ = {
			isa = XCConfigurationList;
			buildConfigurations = (
				F8061197227BA027005FCABF /* Debug */,
				F8061198227BA027005FCABF /* Release */,
			);
			defaultConfigurationIsVisible = 0;
			defaultConfigurationName = Release;
		};
/* End XCConfigurationList section */
	};
	rootObject = F806116E227BA025005FCABF /* Project object */;
}
