// !$*UTF8*$!
{
	archiveVersion = 1;
	classes = {
	};
	objectVersion = 50;
	objects = {

/* Begin PBXBuildFile section */
		441651D222F10B8700E02DAC /* Tapping.mp4 in Resources */ = {isa = PBXBuildFile; fileRef = 441651CF22F10B8500E02DAC /* Tapping.mp4 */; };
		441651D322F10B8700E02DAC /* Tapping.mp4 in Resources */ = {isa = PBXBuildFile; fileRef = 441651CF22F10B8500E02DAC /* Tapping.mp4 */; };
		441651D422F10B8700E02DAC /* KineticTremor.mp4 in Resources */ = {isa = PBXBuildFile; fileRef = 441651D022F10B8600E02DAC /* KineticTremor.mp4 */; };
		441651D522F10B8700E02DAC /* KineticTremor.mp4 in Resources */ = {isa = PBXBuildFile; fileRef = 441651D022F10B8600E02DAC /* KineticTremor.mp4 */; };
		441651D622F10B8700E02DAC /* Tremor.mp4 in Resources */ = {isa = PBXBuildFile; fileRef = 441651D122F10B8700E02DAC /* Tremor.mp4 */; };
		441651D722F10B8700E02DAC /* Tremor.mp4 in Resources */ = {isa = PBXBuildFile; fileRef = 441651D122F10B8700E02DAC /* Tremor.mp4 */; };
		CB0D00A222E804B900F5DD4D /* AppDelegate.swift in Sources */ = {isa = PBXBuildFile; fileRef = CB0D00A122E804B900F5DD4D /* AppDelegate.swift */; };
		CB0D00A322E804FF00F5DD4D /* AppDelegate.swift in Sources */ = {isa = PBXBuildFile; fileRef = F8061179227BA025005FCABF /* AppDelegate.swift */; };
		CB0D00A722E80B1A00F5DD4D /* ActivityViewController.swift in Sources */ = {isa = PBXBuildFile; fileRef = CB0D00A622E80B1A00F5DD4D /* ActivityViewController.swift */; };
		CB0D00AA22E80B3C00F5DD4D /* TaskListTableViewController.swift in Sources */ = {isa = PBXBuildFile; fileRef = F8087BA5227BDC4D005BDDEC /* TaskListTableViewController.swift */; };
		CB0D00C022EE36BF00F5DD4D /* BBLStudy-BioMarin-PKU.bundle in Resources */ = {isa = PBXBuildFile; fileRef = CB5510E822A08D170036CD6F /* BBLStudy-BioMarin-PKU.bundle */; };
		CB0D00C422EE3CA500F5DD4D /* BrainBaselineManager.swift in Sources */ = {isa = PBXBuildFile; fileRef = CB0D00C322EE3CA500F5DD4D /* BrainBaselineManager.swift */; };
		CB0D00C622EE3CFF00F5DD4D /* BrainBaselineStepViewController.swift in Sources */ = {isa = PBXBuildFile; fileRef = CB0D00C522EE3CFF00F5DD4D /* BrainBaselineStepViewController.swift */; };
		CB0D00CA22EE45E900F5DD4D /* FontRules.swift in Sources */ = {isa = PBXBuildFile; fileRef = CB0D00C922EE45E900F5DD4D /* FontRules.swift */; };
		CB0D00CB22EE463E00F5DD4D /* FontRules.swift in Sources */ = {isa = PBXBuildFile; fileRef = CB0D00C922EE45E900F5DD4D /* FontRules.swift */; };
		CB11172B2305FFE7004E6E3F /* ReminderManager.swift in Sources */ = {isa = PBXBuildFile; fileRef = CB11172A2305FFE7004E6E3F /* ReminderManager.swift */; };
		CB1A259B22F65BA400ED3A57 /* ExternalIDRegistrationViewController.swift in Sources */ = {isa = PBXBuildFile; fileRef = CB1A259922F65BA400ED3A57 /* ExternalIDRegistrationViewController.swift */; };
		CB1A259C22F65BA400ED3A57 /* ExternalIDRegistrationViewController.xib in Resources */ = {isa = PBXBuildFile; fileRef = CB1A259A22F65BA400ED3A57 /* ExternalIDRegistrationViewController.xib */; };
		CB1A25A222F7314900ED3A57 /* FitbitStepViewController.swift in Sources */ = {isa = PBXBuildFile; fileRef = CB1A25A022F7314900ED3A57 /* FitbitStepViewController.swift */; };
		CB2B536D22FF846F00C3F87F /* ActivityScheduleManagerTests.swift in Sources */ = {isa = PBXBuildFile; fileRef = CB2B536C22FF846F00C3F87F /* ActivityScheduleManagerTests.swift */; };
		CB2B536F2301BE4A00C3F87F /* ExternalIdViewControllerTests.swift in Sources */ = {isa = PBXBuildFile; fileRef = CB2B536E2301BE4A00C3F87F /* ExternalIdViewControllerTests.swift */; };
		CB2B53722301C3C000C3F87F /* PKUCodableStepObjectTests.swift in Sources */ = {isa = PBXBuildFile; fileRef = CB2B53702301C3C000C3F87F /* PKUCodableStepObjectTests.swift */; };
		CB2B53732301C3C000C3F87F /* PKUCopyStepTests.swift in Sources */ = {isa = PBXBuildFile; fileRef = CB2B53712301C3C000C3F87F /* PKUCopyStepTests.swift */; };
		CB2B5375230219E200C3F87F /* ActivityViewControllerTests.swift in Sources */ = {isa = PBXBuildFile; fileRef = CB2B5374230219E200C3F87F /* ActivityViewControllerTests.swift */; };
		CB2C40F92304863300FC4745 /* ReminderStepViewController.swift in Sources */ = {isa = PBXBuildFile; fileRef = CB2C40F82304863300FC4745 /* ReminderStepViewController.swift */; };
		CB2C40FB2304864E00FC4745 /* ReminderStepViewController.xib in Resources */ = {isa = PBXBuildFile; fileRef = CB2C40FA2304864E00FC4745 /* ReminderStepViewController.xib */; };
		CB3B194E22FCCDF5007CF330 /* Assets.xcassets in Resources */ = {isa = PBXBuildFile; fileRef = CB3B194D22FCCDF4007CF330 /* Assets.xcassets */; };
		CB3B195622FD00E5007CF330 /* ActivityScheduleManager.swift in Sources */ = {isa = PBXBuildFile; fileRef = CB3B195522FD00E5007CF330 /* ActivityScheduleManager.swift */; };
		CB46274C22D7843400AD79B1 /* AppDelegateTests.swift in Sources */ = {isa = PBXBuildFile; fileRef = CB46274B22D7843400AD79B1 /* AppDelegateTests.swift */; };
		CB53CC77230994A10028F85C /* SettingsViewController.swift in Sources */ = {isa = PBXBuildFile; fileRef = CB53CC76230994A10028F85C /* SettingsViewController.swift */; };
		CB5510E522A08AD50036CD6F /* BrainBaselineManager.swift in Sources */ = {isa = PBXBuildFile; fileRef = CB5510E422A08AD50036CD6F /* BrainBaselineManager.swift */; };
		CB5510E922A08D170036CD6F /* BBLStudy-BioMarin-PKU.bundle in Resources */ = {isa = PBXBuildFile; fileRef = CB5510E822A08D170036CD6F /* BBLStudy-BioMarin-PKU.bundle */; };
		CB5510F422A091B40036CD6F /* BrainBaseline.framework in Embed Frameworks */ = {isa = PBXBuildFile; fileRef = CB5510EC22A08F3F0036CD6F /* BrainBaseline.framework */; settings = {ATTRIBUTES = (CodeSignOnCopy, RemoveHeadersOnCopy, ); }; };
		CB5510F722A0921A0036CD6F /* BrainBaseline.framework in Frameworks */ = {isa = PBXBuildFile; fileRef = CB5510EC22A08F3F0036CD6F /* BrainBaseline.framework */; };
		CB55110B22A095440036CD6F /* BrainBaselineStepViewController.swift in Sources */ = {isa = PBXBuildFile; fileRef = CB55110A22A095440036CD6F /* BrainBaselineStepViewController.swift */; };
		CB55111922A0A11C0036CD6F /* BrainBaselineStepViewController.xib in Resources */ = {isa = PBXBuildFile; fileRef = CB55111822A0A11C0036CD6F /* BrainBaselineStepViewController.xib */; };
		CB55113822A0B7ED0036CD6F /* Attentional Blink.json in Resources */ = {isa = PBXBuildFile; fileRef = CB55113622A0B7ED0036CD6F /* Attentional Blink.json */; };
		CB55114422A0B9920036CD6F /* PKUTaskFactory.swift in Sources */ = {isa = PBXBuildFile; fileRef = CB55114322A0B9920036CD6F /* PKUTaskFactory.swift */; };
		CB55116122A0D34F0036CD6F /* N Back.json in Resources */ = {isa = PBXBuildFile; fileRef = CB55115922A0D34E0036CD6F /* N Back.json */; };
		CB55116222A0D34F0036CD6F /* Symbol Substitution.json in Resources */ = {isa = PBXBuildFile; fileRef = CB55115B22A0D34E0036CD6F /* Symbol Substitution.json */; };
		CB55116322A0D34F0036CD6F /* Spatial Memory.json in Resources */ = {isa = PBXBuildFile; fileRef = CB55115D22A0D34E0036CD6F /* Spatial Memory.json */; };
		CB55116422A0D34F0036CD6F /* Go No Go.json in Resources */ = {isa = PBXBuildFile; fileRef = CB55115F22A0D34E0036CD6F /* Go No Go.json */; };
		CB5B91BB230A0F7700B80EF0 /* ReminderManagerTests.swift in Sources */ = {isa = PBXBuildFile; fileRef = CB5B91BA230A0F7700B80EF0 /* ReminderManagerTests.swift */; };
		CB5B91BD230A0F8700B80EF0 /* ReminderStepViewControllerTests.swift in Sources */ = {isa = PBXBuildFile; fileRef = CB5B91BC230A0F8700B80EF0 /* ReminderStepViewControllerTests.swift */; };
		CB5B91BF230A142F00B80EF0 /* MockReminderManager.swift in Sources */ = {isa = PBXBuildFile; fileRef = CB5B91BE230A142F00B80EF0 /* MockReminderManager.swift */; };
		CB5B91C1230A4D6800B80EF0 /* SettingsViewControllerTests.swift in Sources */ = {isa = PBXBuildFile; fileRef = CB5B91C0230A4D6800B80EF0 /* SettingsViewControllerTests.swift */; };
		CB6836C922D44A040001066A /* BrainBaselineOverviewStepViewController.xib in Resources */ = {isa = PBXBuildFile; fileRef = CB6836C822D44A040001066A /* BrainBaselineOverviewStepViewController.xib */; };
		CB6836CB22D44A3F0001066A /* BrainBaselineOverviewStepViewController.swift in Sources */ = {isa = PBXBuildFile; fileRef = CB6836CA22D44A3F0001066A /* BrainBaselineOverviewStepViewController.swift */; };
		CB7F4CC322FF1DCD003EBB5C /* Sleep Check-In.json in Resources */ = {isa = PBXBuildFile; fileRef = CB7F4CBF22FF1DCD003EBB5C /* Sleep Check-In.json */; };
		CB7F4CC422FF1DCD003EBB5C /* Daily Check-In.json in Resources */ = {isa = PBXBuildFile; fileRef = CB7F4CC122FF1DCD003EBB5C /* Daily Check-In.json */; };
		CB7F4CC522FF1DD1003EBB5C /* Daily Check-In.json in Resources */ = {isa = PBXBuildFile; fileRef = CB7F4CC122FF1DCD003EBB5C /* Daily Check-In.json */; };
		CB7F4CC622FF1DD3003EBB5C /* Sleep Check-In.json in Resources */ = {isa = PBXBuildFile; fileRef = CB7F4CBF22FF1DCD003EBB5C /* Sleep Check-In.json */; };
		CB7F4CC822FF2103003EBB5C /* PKUTaskFactory.swift in Sources */ = {isa = PBXBuildFile; fileRef = CB7F4CC722FF2103003EBB5C /* PKUTaskFactory.swift */; };
		CB7F4CCB22FF4DEB003EBB5C /* LearnMoreStepViewController.swift in Sources */ = {isa = PBXBuildFile; fileRef = CB7F4CC922FF4DEB003EBB5C /* LearnMoreStepViewController.swift */; };
		CB7F4CCE22FF5D5B003EBB5C /* LearnMoreStepViewController.xib in Resources */ = {isa = PBXBuildFile; fileRef = CB7F4CCD22FF5D5A003EBB5C /* LearnMoreStepViewController.xib */; };
		CB80522322D6E84F0050E834 /* BrainBaselinManagerTests.swift in Sources */ = {isa = PBXBuildFile; fileRef = CB80522222D6E84F0050E834 /* BrainBaselinManagerTests.swift */; };
		CB80522522D7753B0050E834 /* BrainBaselineStepViewControllerTests.swift in Sources */ = {isa = PBXBuildFile; fileRef = CB80522422D7753B0050E834 /* BrainBaselineStepViewControllerTests.swift */; };
		CB9DBB4A22D658BD00F89E77 /* PKUCodableStepObjectTests.swift in Sources */ = {isa = PBXBuildFile; fileRef = CB9DBB4922D658BD00F89E77 /* PKUCodableStepObjectTests.swift */; };
		CB9DBB4C22D658D300F89E77 /* PKUCopyStepTests.swift in Sources */ = {isa = PBXBuildFile; fileRef = CB9DBB4B22D658D300F89E77 /* PKUCopyStepTests.swift */; };
		CBD4F70722A4670B000C402F /* Task Switch.json in Resources */ = {isa = PBXBuildFile; fileRef = CBD4F70522A4670B000C402F /* Task Switch.json */; };
		CBEC4FCF230DC245007542D5 /* EndyStudyPinStepViewController.swift in Sources */ = {isa = PBXBuildFile; fileRef = CBEC4FCD230DC244007542D5 /* EndyStudyPinStepViewController.swift */; };
		CBEC4FD0230DC245007542D5 /* EndStudyPinStepViewController.xib in Resources */ = {isa = PBXBuildFile; fileRef = CBEC4FCE230DC245007542D5 /* EndStudyPinStepViewController.xib */; };
		CBEC4FD2230DC463007542D5 /* BaseTextFieldStepViewController.swift in Sources */ = {isa = PBXBuildFile; fileRef = CBEC4FD1230DC463007542D5 /* BaseTextFieldStepViewController.swift */; };
		CBEC4FD5230DCA3B007542D5 /* EndOfStudy.storyboard in Resources */ = {isa = PBXBuildFile; fileRef = CBEC4FD3230DCA3B007542D5 /* EndOfStudy.storyboard */; };
		CBEC4FDA230DCCB8007542D5 /* EndOfStudyViewController.swift in Sources */ = {isa = PBXBuildFile; fileRef = CBEC4FD9230DCCB8007542D5 /* EndOfStudyViewController.swift */; };
		CBF8CB4C228F844A0089BDF0 /* lato_black.ttf in Resources */ = {isa = PBXBuildFile; fileRef = CBF8CB42228F84460089BDF0 /* lato_black.ttf */; };
		CBF8CB4E228F844E0089BDF0 /* lato_bold.ttf in Resources */ = {isa = PBXBuildFile; fileRef = CBF8CB43228F84460089BDF0 /* lato_bold.ttf */; };
		CBF8CB4F228F844E0089BDF0 /* lato_bolditalic.ttf in Resources */ = {isa = PBXBuildFile; fileRef = CBF8CB45228F84460089BDF0 /* lato_bolditalic.ttf */; };
		CBF8CB52228F844E0089BDF0 /* lato_italic.ttf in Resources */ = {isa = PBXBuildFile; fileRef = CBF8CB46228F84460089BDF0 /* lato_italic.ttf */; };
		CBF8CB53228F844E0089BDF0 /* lato_light.ttf in Resources */ = {isa = PBXBuildFile; fileRef = CBF8CB47228F84470089BDF0 /* lato_light.ttf */; };
		CBF8CB54228F844E0089BDF0 /* lato_lightitalic.ttf in Resources */ = {isa = PBXBuildFile; fileRef = CBF8CB4B228F84480089BDF0 /* lato_lightitalic.ttf */; };
		CBF8CB55228F844E0089BDF0 /* lato_regular.ttf in Resources */ = {isa = PBXBuildFile; fileRef = CBF8CB48228F84470089BDF0 /* lato_regular.ttf */; };
		CBF8CB5C229053A40089BDF0 /* PKUBuildDateUtil.m in Sources */ = {isa = PBXBuildFile; fileRef = CBF8CB5B229053A40089BDF0 /* PKUBuildDateUtil.m */; };
		CBF8CB76229065670089BDF0 /* PKU.strings in Resources */ = {isa = PBXBuildFile; fileRef = CBF8CB75229065670089BDF0 /* PKU.strings */; };
		F806117F227BA025005FCABF /* Main.storyboard in Resources */ = {isa = PBXBuildFile; fileRef = F806117D227BA025005FCABF /* Main.storyboard */; };
		F8061181227BA026005FCABF /* Assets.xcassets in Resources */ = {isa = PBXBuildFile; fileRef = F8061180227BA026005FCABF /* Assets.xcassets */; };
		F8061184227BA026005FCABF /* LaunchScreen.storyboard in Resources */ = {isa = PBXBuildFile; fileRef = F8061182227BA026005FCABF /* LaunchScreen.storyboard */; };
		F8087B76227BC7B2005BDDEC /* BridgeSDK.framework in Frameworks */ = {isa = PBXBuildFile; fileRef = F8087B75227BC7B2005BDDEC /* BridgeSDK.framework */; };
		F8087B77227BC7B2005BDDEC /* BridgeSDK.framework in Embed Frameworks */ = {isa = PBXBuildFile; fileRef = F8087B75227BC7B2005BDDEC /* BridgeSDK.framework */; settings = {ATTRIBUTES = (CodeSignOnCopy, RemoveHeadersOnCopy, ); }; };
		F8087B79227BC7B2005BDDEC /* BridgeApp.framework in Frameworks */ = {isa = PBXBuildFile; fileRef = F8087B78227BC7B2005BDDEC /* BridgeApp.framework */; };
		F8087B7A227BC7B2005BDDEC /* BridgeApp.framework in Embed Frameworks */ = {isa = PBXBuildFile; fileRef = F8087B78227BC7B2005BDDEC /* BridgeApp.framework */; settings = {ATTRIBUTES = (CodeSignOnCopy, RemoveHeadersOnCopy, ); }; };
		F8087B7C227BC7B2005BDDEC /* MotorControl.framework in Frameworks */ = {isa = PBXBuildFile; fileRef = F8087B7B227BC7B2005BDDEC /* MotorControl.framework */; };
		F8087B7D227BC7B2005BDDEC /* MotorControl.framework in Embed Frameworks */ = {isa = PBXBuildFile; fileRef = F8087B7B227BC7B2005BDDEC /* MotorControl.framework */; settings = {ATTRIBUTES = (CodeSignOnCopy, RemoveHeadersOnCopy, ); }; };
		F8087B7F227BC7B2005BDDEC /* Research.framework in Frameworks */ = {isa = PBXBuildFile; fileRef = F8087B7E227BC7B2005BDDEC /* Research.framework */; };
		F8087B80227BC7B2005BDDEC /* Research.framework in Embed Frameworks */ = {isa = PBXBuildFile; fileRef = F8087B7E227BC7B2005BDDEC /* Research.framework */; settings = {ATTRIBUTES = (CodeSignOnCopy, RemoveHeadersOnCopy, ); }; };
		F8087B82227BC7B2005BDDEC /* ResearchUI.framework in Frameworks */ = {isa = PBXBuildFile; fileRef = F8087B81227BC7B2005BDDEC /* ResearchUI.framework */; };
		F8087B83227BC7B2005BDDEC /* ResearchUI.framework in Embed Frameworks */ = {isa = PBXBuildFile; fileRef = F8087B81227BC7B2005BDDEC /* ResearchUI.framework */; settings = {ATTRIBUTES = (CodeSignOnCopy, RemoveHeadersOnCopy, ); }; };
		F8087B8F227BCA16005BDDEC /* BridgeInfo-private.plist in Resources */ = {isa = PBXBuildFile; fileRef = F8087B8D227BCA16005BDDEC /* BridgeInfo-private.plist */; };
		F8087B90227BCA16005BDDEC /* biomarin-pku.pem in Resources */ = {isa = PBXBuildFile; fileRef = F8087B8E227BCA16005BDDEC /* biomarin-pku.pem */; };
		F8087B92227BCA40005BDDEC /* BridgeInfo.plist in Resources */ = {isa = PBXBuildFile; fileRef = F8087B91227BCA40005BDDEC /* BridgeInfo.plist */; };
		F8087BAB227BDE94005BDDEC /* MotorControl+Bridge.swift in Sources */ = {isa = PBXBuildFile; fileRef = F8087BAA227BDE94005BDDEC /* MotorControl+Bridge.swift */; };
		F8087BAD227BEB95005BDDEC /* TaskListScheduleManager.swift in Sources */ = {isa = PBXBuildFile; fileRef = F8087BAC227BEB95005BDDEC /* TaskListScheduleManager.swift */; };
		F83EEBBC229DA96500476F7F /* ResearchMotion.framework in Frameworks */ = {isa = PBXBuildFile; fileRef = F83EEBBB229DA96500476F7F /* ResearchMotion.framework */; };
		F83EEBBD229DA96500476F7F /* ResearchMotion.framework in Embed Frameworks */ = {isa = PBXBuildFile; fileRef = F83EEBBB229DA96500476F7F /* ResearchMotion.framework */; settings = {ATTRIBUTES = (CodeSignOnCopy, RemoveHeadersOnCopy, ); }; };
		FF3CC63322D7BAA70037E65B /* Main.storyboard in Resources */ = {isa = PBXBuildFile; fileRef = FF3CC63122D7BAA70037E65B /* Main.storyboard */; };
		FF3CC64122D7C1B70037E65B /* LaunchScreen.storyboard in Resources */ = {isa = PBXBuildFile; fileRef = F8061182227BA026005FCABF /* LaunchScreen.storyboard */; };
		FF3CC64222D7C1FB0037E65B /* lato_black.ttf in Resources */ = {isa = PBXBuildFile; fileRef = CBF8CB42228F84460089BDF0 /* lato_black.ttf */; };
		FF3CC64322D7C1FB0037E65B /* lato_bold.ttf in Resources */ = {isa = PBXBuildFile; fileRef = CBF8CB43228F84460089BDF0 /* lato_bold.ttf */; };
		FF3CC64422D7C1FB0037E65B /* lato_bolditalic.ttf in Resources */ = {isa = PBXBuildFile; fileRef = CBF8CB45228F84460089BDF0 /* lato_bolditalic.ttf */; };
		FF3CC64522D7C1FB0037E65B /* lato_italic.ttf in Resources */ = {isa = PBXBuildFile; fileRef = CBF8CB46228F84460089BDF0 /* lato_italic.ttf */; };
		FF3CC64622D7C1FB0037E65B /* lato_light.ttf in Resources */ = {isa = PBXBuildFile; fileRef = CBF8CB47228F84470089BDF0 /* lato_light.ttf */; };
		FF3CC64722D7C1FB0037E65B /* lato_lightitalic.ttf in Resources */ = {isa = PBXBuildFile; fileRef = CBF8CB4B228F84480089BDF0 /* lato_lightitalic.ttf */; };
		FF3CC64822D7C1FB0037E65B /* lato_regular.ttf in Resources */ = {isa = PBXBuildFile; fileRef = CBF8CB48228F84470089BDF0 /* lato_regular.ttf */; };
		FF3CC64922D7C2100037E65B /* PKUBuildDateUtil.m in Sources */ = {isa = PBXBuildFile; fileRef = CBF8CB5B229053A40089BDF0 /* PKUBuildDateUtil.m */; };
		FF3CC64A22D7C2AA0037E65B /* PKU.strings in Resources */ = {isa = PBXBuildFile; fileRef = CBF8CB75229065670089BDF0 /* PKU.strings */; };
		FF3CC64B22D7C2B00037E65B /* Attentional Blink.json in Resources */ = {isa = PBXBuildFile; fileRef = CB55113622A0B7ED0036CD6F /* Attentional Blink.json */; };
		FF3CC64C22D7C2B00037E65B /* Symbol Substitution.json in Resources */ = {isa = PBXBuildFile; fileRef = CB55115B22A0D34E0036CD6F /* Symbol Substitution.json */; };
		FF3CC64D22D7C2B00037E65B /* Go No Go.json in Resources */ = {isa = PBXBuildFile; fileRef = CB55115F22A0D34E0036CD6F /* Go No Go.json */; };
		FF3CC64E22D7C2B00037E65B /* N Back.json in Resources */ = {isa = PBXBuildFile; fileRef = CB55115922A0D34E0036CD6F /* N Back.json */; };
		FF3CC64F22D7C2B00037E65B /* Spatial Memory.json in Resources */ = {isa = PBXBuildFile; fileRef = CB55115D22A0D34E0036CD6F /* Spatial Memory.json */; };
		FF3CC65022D7C2B00037E65B /* Task Switch.json in Resources */ = {isa = PBXBuildFile; fileRef = CBD4F70522A4670B000C402F /* Task Switch.json */; };
		FF3CC65422D7C2C80037E65B /* EmojiChoiceTableStepViewController.swift in Sources */ = {isa = PBXBuildFile; fileRef = CBD4F71B22A496D3000C402F /* EmojiChoiceTableStepViewController.swift */; };
		FF3CC65722D7C2D30037E65B /* MotorControl+Bridge.swift in Sources */ = {isa = PBXBuildFile; fileRef = F8087BAA227BDE94005BDDEC /* MotorControl+Bridge.swift */; };
		FF3CC65B22D7C31A0037E65B /* BridgeInfo.plist in Resources */ = {isa = PBXBuildFile; fileRef = FF3CC65A22D7C31A0037E65B /* BridgeInfo.plist */; };
		FF3CC65D22D7C3300037E65B /* BridgeInfo-private.plist in Resources */ = {isa = PBXBuildFile; fileRef = FF3CC65C22D7C3300037E65B /* BridgeInfo-private.plist */; };
		FF3CC65F22D7C3430037E65B /* biomarin-pku-study.pem in Resources */ = {isa = PBXBuildFile; fileRef = FF3CC65E22D7C3420037E65B /* biomarin-pku-study.pem */; };
		FF3CC66022D7C5700037E65B /* BrainBaseline.framework in Frameworks */ = {isa = PBXBuildFile; fileRef = CB5510EC22A08F3F0036CD6F /* BrainBaseline.framework */; };
		FF3CC66122D7C5700037E65B /* BrainBaseline.framework in Embed Frameworks */ = {isa = PBXBuildFile; fileRef = CB5510EC22A08F3F0036CD6F /* BrainBaseline.framework */; settings = {ATTRIBUTES = (CodeSignOnCopy, RemoveHeadersOnCopy, ); }; };
		FF3CC66222D7C5700037E65B /* ResearchUI.framework in Frameworks */ = {isa = PBXBuildFile; fileRef = F8087B81227BC7B2005BDDEC /* ResearchUI.framework */; };
		FF3CC66322D7C5710037E65B /* ResearchUI.framework in Embed Frameworks */ = {isa = PBXBuildFile; fileRef = F8087B81227BC7B2005BDDEC /* ResearchUI.framework */; settings = {ATTRIBUTES = (CodeSignOnCopy, RemoveHeadersOnCopy, ); }; };
		FF3CC66422D7C5710037E65B /* Research.framework in Frameworks */ = {isa = PBXBuildFile; fileRef = F8087B7E227BC7B2005BDDEC /* Research.framework */; };
		FF3CC66522D7C5710037E65B /* Research.framework in Embed Frameworks */ = {isa = PBXBuildFile; fileRef = F8087B7E227BC7B2005BDDEC /* Research.framework */; settings = {ATTRIBUTES = (CodeSignOnCopy, RemoveHeadersOnCopy, ); }; };
		FF3CC66622D7C5710037E65B /* MotorControl.framework in Frameworks */ = {isa = PBXBuildFile; fileRef = F8087B7B227BC7B2005BDDEC /* MotorControl.framework */; };
		FF3CC66722D7C5710037E65B /* MotorControl.framework in Embed Frameworks */ = {isa = PBXBuildFile; fileRef = F8087B7B227BC7B2005BDDEC /* MotorControl.framework */; settings = {ATTRIBUTES = (CodeSignOnCopy, RemoveHeadersOnCopy, ); }; };
		FF3CC66822D7C5710037E65B /* BridgeApp.framework in Frameworks */ = {isa = PBXBuildFile; fileRef = F8087B78227BC7B2005BDDEC /* BridgeApp.framework */; };
		FF3CC66922D7C5710037E65B /* BridgeApp.framework in Embed Frameworks */ = {isa = PBXBuildFile; fileRef = F8087B78227BC7B2005BDDEC /* BridgeApp.framework */; settings = {ATTRIBUTES = (CodeSignOnCopy, RemoveHeadersOnCopy, ); }; };
		FF3CC66A22D7C5710037E65B /* BridgeSDK.framework in Frameworks */ = {isa = PBXBuildFile; fileRef = F8087B75227BC7B2005BDDEC /* BridgeSDK.framework */; };
		FF3CC66B22D7C5710037E65B /* BridgeSDK.framework in Embed Frameworks */ = {isa = PBXBuildFile; fileRef = F8087B75227BC7B2005BDDEC /* BridgeSDK.framework */; settings = {ATTRIBUTES = (CodeSignOnCopy, RemoveHeadersOnCopy, ); }; };
		FF3CC66D22D7C5A10037E65B /* ResearchMotion.framework in Frameworks */ = {isa = PBXBuildFile; fileRef = F83EEBBB229DA96500476F7F /* ResearchMotion.framework */; };
		FF3CC66E22D7C5A10037E65B /* ResearchMotion.framework in Embed Frameworks */ = {isa = PBXBuildFile; fileRef = F83EEBBB229DA96500476F7F /* ResearchMotion.framework */; settings = {ATTRIBUTES = (CodeSignOnCopy, RemoveHeadersOnCopy, ); }; };
		FF3CC67022D7C6710037E65B /* BrainBaselineStepViewController.xib in Resources */ = {isa = PBXBuildFile; fileRef = CB55111822A0A11C0036CD6F /* BrainBaselineStepViewController.xib */; };
		FF3CC67122D7C6710037E65B /* BrainBaselineOverviewStepViewController.swift in Sources */ = {isa = PBXBuildFile; fileRef = CB6836CA22D44A3F0001066A /* BrainBaselineOverviewStepViewController.swift */; };
		FF3CC67222D7C6710037E65B /* BrainBaselineOverviewStepViewController.xib in Resources */ = {isa = PBXBuildFile; fileRef = CB6836C822D44A040001066A /* BrainBaselineOverviewStepViewController.xib */; };
/* End PBXBuildFile section */

/* Begin PBXContainerItemProxy section */
		CB2B536722FF845000C3F87F /* PBXContainerItemProxy */ = {
			isa = PBXContainerItemProxy;
			containerPortal = F806116E227BA025005FCABF /* Project object */;
			proxyType = 1;
			remoteGlobalIDString = FF3CC62A22D7BAA60037E65B;
			remoteInfo = "BiomarinPKU-Study";
		};
		F806118B227BA027005FCABF /* PBXContainerItemProxy */ = {
			isa = PBXContainerItemProxy;
			containerPortal = F806116E227BA025005FCABF /* Project object */;
			proxyType = 1;
			remoteGlobalIDString = F8061175227BA025005FCABF;
			remoteInfo = BiomarinPKU;
		};
/* End PBXContainerItemProxy section */

/* Begin PBXCopyFilesBuildPhase section */
		F8087B87227BC7B2005BDDEC /* Embed Frameworks */ = {
			isa = PBXCopyFilesBuildPhase;
			buildActionMask = 2147483647;
			dstPath = "";
			dstSubfolderSpec = 10;
			files = (
				CB5510F422A091B40036CD6F /* BrainBaseline.framework in Embed Frameworks */,
				F8087B7D227BC7B2005BDDEC /* MotorControl.framework in Embed Frameworks */,
				F8087B77227BC7B2005BDDEC /* BridgeSDK.framework in Embed Frameworks */,
				F8087B7A227BC7B2005BDDEC /* BridgeApp.framework in Embed Frameworks */,
				F83EEBBD229DA96500476F7F /* ResearchMotion.framework in Embed Frameworks */,
				F8087B80227BC7B2005BDDEC /* Research.framework in Embed Frameworks */,
				F8087B83227BC7B2005BDDEC /* ResearchUI.framework in Embed Frameworks */,
			);
			name = "Embed Frameworks";
			runOnlyForDeploymentPostprocessing = 0;
		};
		FF3CC66C22D7C5710037E65B /* Embed Frameworks */ = {
			isa = PBXCopyFilesBuildPhase;
			buildActionMask = 2147483647;
			dstPath = "";
			dstSubfolderSpec = 10;
			files = (
				FF3CC66922D7C5710037E65B /* BridgeApp.framework in Embed Frameworks */,
				FF3CC66722D7C5710037E65B /* MotorControl.framework in Embed Frameworks */,
				FF3CC66B22D7C5710037E65B /* BridgeSDK.framework in Embed Frameworks */,
				FF3CC66E22D7C5A10037E65B /* ResearchMotion.framework in Embed Frameworks */,
				FF3CC66122D7C5700037E65B /* BrainBaseline.framework in Embed Frameworks */,
				FF3CC66522D7C5710037E65B /* Research.framework in Embed Frameworks */,
				FF3CC66322D7C5710037E65B /* ResearchUI.framework in Embed Frameworks */,
			);
			name = "Embed Frameworks";
			runOnlyForDeploymentPostprocessing = 0;
		};
/* End PBXCopyFilesBuildPhase section */

/* Begin PBXFileReference section */
		441651CF22F10B8500E02DAC /* Tapping.mp4 */ = {isa = PBXFileReference; lastKnownFileType = file; path = Tapping.mp4; sourceTree = "<group>"; };
		441651D022F10B8600E02DAC /* KineticTremor.mp4 */ = {isa = PBXFileReference; lastKnownFileType = file; path = KineticTremor.mp4; sourceTree = "<group>"; };
		441651D122F10B8700E02DAC /* Tremor.mp4 */ = {isa = PBXFileReference; lastKnownFileType = file; path = Tremor.mp4; sourceTree = "<group>"; };
		CB0D00A122E804B900F5DD4D /* AppDelegate.swift */ = {isa = PBXFileReference; fileEncoding = 4; lastKnownFileType = sourcecode.swift; path = AppDelegate.swift; sourceTree = "<group>"; };
		CB0D00A622E80B1A00F5DD4D /* ActivityViewController.swift */ = {isa = PBXFileReference; fileEncoding = 4; lastKnownFileType = sourcecode.swift; path = ActivityViewController.swift; sourceTree = "<group>"; };
		CB0D00C122EE377700F5DD4D /* BiomarinPKU-Study.entitlements */ = {isa = PBXFileReference; lastKnownFileType = text.plist.entitlements; path = "BiomarinPKU-Study.entitlements"; sourceTree = "<group>"; };
		CB0D00C322EE3CA500F5DD4D /* BrainBaselineManager.swift */ = {isa = PBXFileReference; fileEncoding = 4; lastKnownFileType = sourcecode.swift; path = BrainBaselineManager.swift; sourceTree = "<group>"; };
		CB0D00C522EE3CFF00F5DD4D /* BrainBaselineStepViewController.swift */ = {isa = PBXFileReference; fileEncoding = 4; lastKnownFileType = sourcecode.swift; path = BrainBaselineStepViewController.swift; sourceTree = "<group>"; };
		CB0D00C922EE45E900F5DD4D /* FontRules.swift */ = {isa = PBXFileReference; lastKnownFileType = sourcecode.swift; path = FontRules.swift; sourceTree = "<group>"; };
		CB11172A2305FFE7004E6E3F /* ReminderManager.swift */ = {isa = PBXFileReference; lastKnownFileType = sourcecode.swift; path = ReminderManager.swift; sourceTree = "<group>"; };
		CB1A259922F65BA400ED3A57 /* ExternalIDRegistrationViewController.swift */ = {isa = PBXFileReference; fileEncoding = 4; lastKnownFileType = sourcecode.swift; path = ExternalIDRegistrationViewController.swift; sourceTree = "<group>"; };
		CB1A259A22F65BA400ED3A57 /* ExternalIDRegistrationViewController.xib */ = {isa = PBXFileReference; fileEncoding = 4; lastKnownFileType = file.xib; path = ExternalIDRegistrationViewController.xib; sourceTree = "<group>"; };
		CB1A25A022F7314900ED3A57 /* FitbitStepViewController.swift */ = {isa = PBXFileReference; fileEncoding = 4; lastKnownFileType = sourcecode.swift; path = FitbitStepViewController.swift; sourceTree = "<group>"; };
		CB2B536222FF845000C3F87F /* BiomarinPKUStudyTests.xctest */ = {isa = PBXFileReference; explicitFileType = wrapper.cfbundle; includeInIndex = 0; path = BiomarinPKUStudyTests.xctest; sourceTree = BUILT_PRODUCTS_DIR; };
		CB2B536622FF845000C3F87F /* Info.plist */ = {isa = PBXFileReference; lastKnownFileType = text.plist.xml; path = Info.plist; sourceTree = "<group>"; };
		CB2B536C22FF846F00C3F87F /* ActivityScheduleManagerTests.swift */ = {isa = PBXFileReference; lastKnownFileType = sourcecode.swift; path = ActivityScheduleManagerTests.swift; sourceTree = "<group>"; };
		CB2B536E2301BE4A00C3F87F /* ExternalIdViewControllerTests.swift */ = {isa = PBXFileReference; lastKnownFileType = sourcecode.swift; path = ExternalIdViewControllerTests.swift; sourceTree = "<group>"; };
		CB2B53702301C3C000C3F87F /* PKUCodableStepObjectTests.swift */ = {isa = PBXFileReference; fileEncoding = 4; lastKnownFileType = sourcecode.swift; path = PKUCodableStepObjectTests.swift; sourceTree = "<group>"; };
		CB2B53712301C3C000C3F87F /* PKUCopyStepTests.swift */ = {isa = PBXFileReference; fileEncoding = 4; lastKnownFileType = sourcecode.swift; path = PKUCopyStepTests.swift; sourceTree = "<group>"; };
		CB2B5374230219E200C3F87F /* ActivityViewControllerTests.swift */ = {isa = PBXFileReference; lastKnownFileType = sourcecode.swift; path = ActivityViewControllerTests.swift; sourceTree = "<group>"; };
		CB2C40F82304863300FC4745 /* ReminderStepViewController.swift */ = {isa = PBXFileReference; lastKnownFileType = sourcecode.swift; path = ReminderStepViewController.swift; sourceTree = "<group>"; };
		CB2C40FA2304864E00FC4745 /* ReminderStepViewController.xib */ = {isa = PBXFileReference; fileEncoding = 4; lastKnownFileType = file.xib; path = ReminderStepViewController.xib; sourceTree = "<group>"; };
		CB3B194D22FCCDF4007CF330 /* Assets.xcassets */ = {isa = PBXFileReference; lastKnownFileType = folder.assetcatalog; path = Assets.xcassets; sourceTree = "<group>"; };
		CB3B195522FD00E5007CF330 /* ActivityScheduleManager.swift */ = {isa = PBXFileReference; fileEncoding = 4; lastKnownFileType = sourcecode.swift; path = ActivityScheduleManager.swift; sourceTree = "<group>"; };
		CB46274B22D7843400AD79B1 /* AppDelegateTests.swift */ = {isa = PBXFileReference; lastKnownFileType = sourcecode.swift; path = AppDelegateTests.swift; sourceTree = "<group>"; };
		CB53CC76230994A10028F85C /* SettingsViewController.swift */ = {isa = PBXFileReference; lastKnownFileType = sourcecode.swift; path = SettingsViewController.swift; sourceTree = "<group>"; };
		CB5510E422A08AD50036CD6F /* BrainBaselineManager.swift */ = {isa = PBXFileReference; lastKnownFileType = sourcecode.swift; path = BrainBaselineManager.swift; sourceTree = "<group>"; };
		CB5510E822A08D170036CD6F /* BBLStudy-BioMarin-PKU.bundle */ = {isa = PBXFileReference; lastKnownFileType = "wrapper.plug-in"; name = "BBLStudy-BioMarin-PKU.bundle"; path = "../BBLStudy-BioMarin-PKU.bundle"; sourceTree = "<group>"; };
		CB5510EC22A08F3F0036CD6F /* BrainBaseline.framework */ = {isa = PBXFileReference; lastKnownFileType = wrapper.framework; path = BrainBaseline.framework; sourceTree = "<group>"; };
		CB55110A22A095440036CD6F /* BrainBaselineStepViewController.swift */ = {isa = PBXFileReference; lastKnownFileType = sourcecode.swift; path = BrainBaselineStepViewController.swift; sourceTree = "<group>"; };
		CB55111822A0A11C0036CD6F /* BrainBaselineStepViewController.xib */ = {isa = PBXFileReference; lastKnownFileType = file.xib; path = BrainBaselineStepViewController.xib; sourceTree = "<group>"; };
		CB55113722A0B7ED0036CD6F /* Base */ = {isa = PBXFileReference; lastKnownFileType = text.json; name = Base; path = "Base.lproj/Attentional Blink.json"; sourceTree = "<group>"; };
		CB55114322A0B9920036CD6F /* PKUTaskFactory.swift */ = {isa = PBXFileReference; lastKnownFileType = sourcecode.swift; path = PKUTaskFactory.swift; sourceTree = "<group>"; };
		CB55115A22A0D34E0036CD6F /* Base */ = {isa = PBXFileReference; lastKnownFileType = text.json; name = Base; path = "Base.lproj/N Back.json"; sourceTree = "<group>"; };
		CB55115C22A0D34E0036CD6F /* Base */ = {isa = PBXFileReference; lastKnownFileType = text.json; name = Base; path = "Base.lproj/Symbol Substitution.json"; sourceTree = "<group>"; };
		CB55115E22A0D34E0036CD6F /* Base */ = {isa = PBXFileReference; lastKnownFileType = text.json; name = Base; path = "Base.lproj/Spatial Memory.json"; sourceTree = "<group>"; };
		CB55116022A0D34F0036CD6F /* Base */ = {isa = PBXFileReference; lastKnownFileType = text.json; name = Base; path = "Base.lproj/Go No Go.json"; sourceTree = "<group>"; };
		CB5B91BA230A0F7700B80EF0 /* ReminderManagerTests.swift */ = {isa = PBXFileReference; lastKnownFileType = sourcecode.swift; path = ReminderManagerTests.swift; sourceTree = "<group>"; };
		CB5B91BC230A0F8700B80EF0 /* ReminderStepViewControllerTests.swift */ = {isa = PBXFileReference; lastKnownFileType = sourcecode.swift; path = ReminderStepViewControllerTests.swift; sourceTree = "<group>"; };
		CB5B91BE230A142F00B80EF0 /* MockReminderManager.swift */ = {isa = PBXFileReference; lastKnownFileType = sourcecode.swift; path = MockReminderManager.swift; sourceTree = "<group>"; };
		CB5B91C0230A4D6800B80EF0 /* SettingsViewControllerTests.swift */ = {isa = PBXFileReference; lastKnownFileType = sourcecode.swift; path = SettingsViewControllerTests.swift; sourceTree = "<group>"; };
		CB6836C822D44A040001066A /* BrainBaselineOverviewStepViewController.xib */ = {isa = PBXFileReference; fileEncoding = 4; lastKnownFileType = file.xib; path = BrainBaselineOverviewStepViewController.xib; sourceTree = "<group>"; };
		CB6836CA22D44A3F0001066A /* BrainBaselineOverviewStepViewController.swift */ = {isa = PBXFileReference; fileEncoding = 4; lastKnownFileType = sourcecode.swift; path = BrainBaselineOverviewStepViewController.swift; sourceTree = "<group>"; };
		CB7F4CC022FF1DCD003EBB5C /* Base */ = {isa = PBXFileReference; lastKnownFileType = text.json; name = Base; path = "Base.lproj/Sleep Check-In.json"; sourceTree = "<group>"; };
		CB7F4CC222FF1DCD003EBB5C /* Base */ = {isa = PBXFileReference; lastKnownFileType = text.json; name = Base; path = "Base.lproj/Daily Check-In.json"; sourceTree = "<group>"; };
		CB7F4CC722FF2103003EBB5C /* PKUTaskFactory.swift */ = {isa = PBXFileReference; fileEncoding = 4; lastKnownFileType = sourcecode.swift; path = PKUTaskFactory.swift; sourceTree = "<group>"; };
		CB7F4CC922FF4DEB003EBB5C /* LearnMoreStepViewController.swift */ = {isa = PBXFileReference; fileEncoding = 4; lastKnownFileType = sourcecode.swift; path = LearnMoreStepViewController.swift; sourceTree = "<group>"; };
		CB7F4CCD22FF5D5A003EBB5C /* LearnMoreStepViewController.xib */ = {isa = PBXFileReference; fileEncoding = 4; lastKnownFileType = file.xib; path = LearnMoreStepViewController.xib; sourceTree = "<group>"; };
		CB80522222D6E84F0050E834 /* BrainBaselinManagerTests.swift */ = {isa = PBXFileReference; lastKnownFileType = sourcecode.swift; path = BrainBaselinManagerTests.swift; sourceTree = "<group>"; };
		CB80522422D7753B0050E834 /* BrainBaselineStepViewControllerTests.swift */ = {isa = PBXFileReference; lastKnownFileType = sourcecode.swift; path = BrainBaselineStepViewControllerTests.swift; sourceTree = "<group>"; };
		CB9DBB4922D658BD00F89E77 /* PKUCodableStepObjectTests.swift */ = {isa = PBXFileReference; fileEncoding = 4; lastKnownFileType = sourcecode.swift; path = PKUCodableStepObjectTests.swift; sourceTree = "<group>"; };
		CB9DBB4B22D658D300F89E77 /* PKUCopyStepTests.swift */ = {isa = PBXFileReference; fileEncoding = 4; lastKnownFileType = sourcecode.swift; path = PKUCopyStepTests.swift; sourceTree = "<group>"; };
		CBD4F70622A4670B000C402F /* Base */ = {isa = PBXFileReference; lastKnownFileType = text.json; name = Base; path = "Base.lproj/Task Switch.json"; sourceTree = "<group>"; };
		CBD4F71B22A496D3000C402F /* EmojiChoiceTableStepViewController.swift */ = {isa = PBXFileReference; lastKnownFileType = sourcecode.swift; path = EmojiChoiceTableStepViewController.swift; sourceTree = "<group>"; };
		CBEC4FCD230DC244007542D5 /* EndyStudyPinStepViewController.swift */ = {isa = PBXFileReference; fileEncoding = 4; lastKnownFileType = sourcecode.swift; path = EndyStudyPinStepViewController.swift; sourceTree = "<group>"; };
		CBEC4FCE230DC245007542D5 /* EndStudyPinStepViewController.xib */ = {isa = PBXFileReference; fileEncoding = 4; lastKnownFileType = file.xib; path = EndStudyPinStepViewController.xib; sourceTree = "<group>"; };
		CBEC4FD1230DC463007542D5 /* BaseTextFieldStepViewController.swift */ = {isa = PBXFileReference; lastKnownFileType = sourcecode.swift; path = BaseTextFieldStepViewController.swift; sourceTree = "<group>"; };
		CBEC4FD4230DCA3B007542D5 /* Base */ = {isa = PBXFileReference; lastKnownFileType = file.storyboard; name = Base; path = Base.lproj/EndOfStudy.storyboard; sourceTree = "<group>"; };
		CBEC4FD9230DCCB8007542D5 /* EndOfStudyViewController.swift */ = {isa = PBXFileReference; lastKnownFileType = sourcecode.swift; path = EndOfStudyViewController.swift; sourceTree = "<group>"; };
		CBF8CB42228F84460089BDF0 /* lato_black.ttf */ = {isa = PBXFileReference; lastKnownFileType = file; path = lato_black.ttf; sourceTree = "<group>"; };
		CBF8CB43228F84460089BDF0 /* lato_bold.ttf */ = {isa = PBXFileReference; lastKnownFileType = file; path = lato_bold.ttf; sourceTree = "<group>"; };
		CBF8CB45228F84460089BDF0 /* lato_bolditalic.ttf */ = {isa = PBXFileReference; lastKnownFileType = file; path = lato_bolditalic.ttf; sourceTree = "<group>"; };
		CBF8CB46228F84460089BDF0 /* lato_italic.ttf */ = {isa = PBXFileReference; lastKnownFileType = file; path = lato_italic.ttf; sourceTree = "<group>"; };
		CBF8CB47228F84470089BDF0 /* lato_light.ttf */ = {isa = PBXFileReference; lastKnownFileType = file; path = lato_light.ttf; sourceTree = "<group>"; };
		CBF8CB48228F84470089BDF0 /* lato_regular.ttf */ = {isa = PBXFileReference; lastKnownFileType = file; path = lato_regular.ttf; sourceTree = "<group>"; };
		CBF8CB4B228F84480089BDF0 /* lato_lightitalic.ttf */ = {isa = PBXFileReference; lastKnownFileType = file; path = lato_lightitalic.ttf; sourceTree = "<group>"; };
		CBF8CB5A229053A30089BDF0 /* BiomarinPKU-Bridging-Header.h */ = {isa = PBXFileReference; lastKnownFileType = sourcecode.c.h; path = "BiomarinPKU-Bridging-Header.h"; sourceTree = "<group>"; };
		CBF8CB5B229053A40089BDF0 /* PKUBuildDateUtil.m */ = {isa = PBXFileReference; lastKnownFileType = sourcecode.c.objc; path = PKUBuildDateUtil.m; sourceTree = "<group>"; };
		CBF8CB75229065670089BDF0 /* PKU.strings */ = {isa = PBXFileReference; lastKnownFileType = text.plist.strings; path = PKU.strings; sourceTree = "<group>"; };
		F8061176227BA025005FCABF /* BiomarinPKU.app */ = {isa = PBXFileReference; explicitFileType = wrapper.application; includeInIndex = 0; path = BiomarinPKU.app; sourceTree = BUILT_PRODUCTS_DIR; };
		F8061179227BA025005FCABF /* AppDelegate.swift */ = {isa = PBXFileReference; lastKnownFileType = sourcecode.swift; path = AppDelegate.swift; sourceTree = "<group>"; };
		F806117E227BA025005FCABF /* Base */ = {isa = PBXFileReference; lastKnownFileType = file.storyboard; name = Base; path = Base.lproj/Main.storyboard; sourceTree = "<group>"; };
		F8061180227BA026005FCABF /* Assets.xcassets */ = {isa = PBXFileReference; lastKnownFileType = folder.assetcatalog; path = Assets.xcassets; sourceTree = "<group>"; };
		F8061183227BA026005FCABF /* Base */ = {isa = PBXFileReference; lastKnownFileType = file.storyboard; name = Base; path = Base.lproj/LaunchScreen.storyboard; sourceTree = "<group>"; };
		F8061185227BA026005FCABF /* Info.plist */ = {isa = PBXFileReference; lastKnownFileType = text.plist.xml; path = Info.plist; sourceTree = "<group>"; };
		F806118A227BA027005FCABF /* BiomarinPKUTests.xctest */ = {isa = PBXFileReference; explicitFileType = wrapper.cfbundle; includeInIndex = 0; path = BiomarinPKUTests.xctest; sourceTree = BUILT_PRODUCTS_DIR; };
		F8061190227BA027005FCABF /* Info.plist */ = {isa = PBXFileReference; lastKnownFileType = text.plist.xml; path = Info.plist; sourceTree = "<group>"; };
		F8087B75227BC7B2005BDDEC /* BridgeSDK.framework */ = {isa = PBXFileReference; explicitFileType = wrapper.framework; path = BridgeSDK.framework; sourceTree = BUILT_PRODUCTS_DIR; };
		F8087B78227BC7B2005BDDEC /* BridgeApp.framework */ = {isa = PBXFileReference; explicitFileType = wrapper.framework; path = BridgeApp.framework; sourceTree = BUILT_PRODUCTS_DIR; };
		F8087B7B227BC7B2005BDDEC /* MotorControl.framework */ = {isa = PBXFileReference; explicitFileType = wrapper.framework; path = MotorControl.framework; sourceTree = BUILT_PRODUCTS_DIR; };
		F8087B7E227BC7B2005BDDEC /* Research.framework */ = {isa = PBXFileReference; explicitFileType = wrapper.framework; path = Research.framework; sourceTree = BUILT_PRODUCTS_DIR; };
		F8087B81227BC7B2005BDDEC /* ResearchUI.framework */ = {isa = PBXFileReference; explicitFileType = wrapper.framework; path = ResearchUI.framework; sourceTree = BUILT_PRODUCTS_DIR; };
		F8087B8D227BCA16005BDDEC /* BridgeInfo-private.plist */ = {isa = PBXFileReference; fileEncoding = 4; lastKnownFileType = text.plist.xml; name = "BridgeInfo-private.plist"; path = "../../../iOSPrivateProjectInfo/BiomarinPKU/BridgeInfo-private.plist"; sourceTree = "<group>"; };
		F8087B8E227BCA16005BDDEC /* biomarin-pku.pem */ = {isa = PBXFileReference; fileEncoding = 4; lastKnownFileType = text; name = "biomarin-pku.pem"; path = "../../../iOSPrivateProjectInfo/BiomarinPKU/biomarin-pku.pem"; sourceTree = "<group>"; };
		F8087B91227BCA40005BDDEC /* BridgeInfo.plist */ = {isa = PBXFileReference; fileEncoding = 4; lastKnownFileType = text.plist.xml; path = BridgeInfo.plist; sourceTree = "<group>"; };
		F8087B93227BCA92005BDDEC /* BiomarinPKU.entitlements */ = {isa = PBXFileReference; lastKnownFileType = text.plist.entitlements; path = BiomarinPKU.entitlements; sourceTree = "<group>"; };
		F8087BA5227BDC4D005BDDEC /* TaskListTableViewController.swift */ = {isa = PBXFileReference; lastKnownFileType = sourcecode.swift; path = TaskListTableViewController.swift; sourceTree = "<group>"; };
		F8087BAA227BDE94005BDDEC /* MotorControl+Bridge.swift */ = {isa = PBXFileReference; lastKnownFileType = sourcecode.swift; path = "MotorControl+Bridge.swift"; sourceTree = "<group>"; };
		F8087BAC227BEB95005BDDEC /* TaskListScheduleManager.swift */ = {isa = PBXFileReference; lastKnownFileType = sourcecode.swift; path = TaskListScheduleManager.swift; sourceTree = "<group>"; };
		F83EEBBB229DA96500476F7F /* ResearchMotion.framework */ = {isa = PBXFileReference; explicitFileType = wrapper.framework; path = ResearchMotion.framework; sourceTree = BUILT_PRODUCTS_DIR; };
		FF3CC62B22D7BAA60037E65B /* BiomarinPKU-Study.app */ = {isa = PBXFileReference; explicitFileType = wrapper.application; includeInIndex = 0; path = "BiomarinPKU-Study.app"; sourceTree = BUILT_PRODUCTS_DIR; };
		FF3CC63222D7BAA70037E65B /* Base */ = {isa = PBXFileReference; lastKnownFileType = file.storyboard; name = Base; path = Base.lproj/Main.storyboard; sourceTree = "<group>"; };
		FF3CC63922D7BAA70037E65B /* Info.plist */ = {isa = PBXFileReference; lastKnownFileType = text.plist.xml; path = Info.plist; sourceTree = "<group>"; };
		FF3CC65A22D7C31A0037E65B /* BridgeInfo.plist */ = {isa = PBXFileReference; fileEncoding = 4; lastKnownFileType = text.plist.xml; path = BridgeInfo.plist; sourceTree = "<group>"; };
		FF3CC65C22D7C3300037E65B /* BridgeInfo-private.plist */ = {isa = PBXFileReference; fileEncoding = 4; lastKnownFileType = text.plist.xml; path = "BridgeInfo-private.plist"; sourceTree = "<group>"; };
		FF3CC65E22D7C3420037E65B /* biomarin-pku-study.pem */ = {isa = PBXFileReference; fileEncoding = 4; lastKnownFileType = text; path = "biomarin-pku-study.pem"; sourceTree = "<group>"; };
/* End PBXFileReference section */

/* Begin PBXFrameworksBuildPhase section */
		CB2B535F22FF845000C3F87F /* Frameworks */ = {
			isa = PBXFrameworksBuildPhase;
			buildActionMask = 2147483647;
			files = (
			);
			runOnlyForDeploymentPostprocessing = 0;
		};
		F8061173227BA025005FCABF /* Frameworks */ = {
			isa = PBXFrameworksBuildPhase;
			buildActionMask = 2147483647;
			files = (
				CB5510F722A0921A0036CD6F /* BrainBaseline.framework in Frameworks */,
				F8087B7C227BC7B2005BDDEC /* MotorControl.framework in Frameworks */,
				F8087B76227BC7B2005BDDEC /* BridgeSDK.framework in Frameworks */,
				F8087B79227BC7B2005BDDEC /* BridgeApp.framework in Frameworks */,
				F83EEBBC229DA96500476F7F /* ResearchMotion.framework in Frameworks */,
				F8087B7F227BC7B2005BDDEC /* Research.framework in Frameworks */,
				F8087B82227BC7B2005BDDEC /* ResearchUI.framework in Frameworks */,
			);
			runOnlyForDeploymentPostprocessing = 0;
		};
		F8061187227BA027005FCABF /* Frameworks */ = {
			isa = PBXFrameworksBuildPhase;
			buildActionMask = 2147483647;
			files = (
			);
			runOnlyForDeploymentPostprocessing = 0;
		};
		FF3CC62822D7BAA60037E65B /* Frameworks */ = {
			isa = PBXFrameworksBuildPhase;
			buildActionMask = 2147483647;
			files = (
				FF3CC66822D7C5710037E65B /* BridgeApp.framework in Frameworks */,
				FF3CC66622D7C5710037E65B /* MotorControl.framework in Frameworks */,
				FF3CC66A22D7C5710037E65B /* BridgeSDK.framework in Frameworks */,
				FF3CC66D22D7C5A10037E65B /* ResearchMotion.framework in Frameworks */,
				FF3CC66022D7C5700037E65B /* BrainBaseline.framework in Frameworks */,
				FF3CC66422D7C5710037E65B /* Research.framework in Frameworks */,
				FF3CC66222D7C5700037E65B /* ResearchUI.framework in Frameworks */,
			);
			runOnlyForDeploymentPostprocessing = 0;
		};
/* End PBXFrameworksBuildPhase section */

/* Begin PBXGroup section */
		CB0D00A422E8083700F5DD4D /* Model */ = {
			isa = PBXGroup;
			children = (
				CB7F4CC722FF2103003EBB5C /* PKUTaskFactory.swift */,
				CB3B195522FD00E5007CF330 /* ActivityScheduleManager.swift */,
				CB11172A2305FFE7004E6E3F /* ReminderManager.swift */,
			);
			name = Model;
			sourceTree = "<group>";
		};
		CB0D00A522E80A4F00F5DD4D /* View Controllers */ = {
			isa = PBXGroup;
			children = (
				CB0D00A622E80B1A00F5DD4D /* ActivityViewController.swift */,
				CBD4F71B22A496D3000C402F /* EmojiChoiceTableStepViewController.swift */,
				CB1A259922F65BA400ED3A57 /* ExternalIDRegistrationViewController.swift */,
				CB1A259A22F65BA400ED3A57 /* ExternalIDRegistrationViewController.xib */,
				CB1A25A022F7314900ED3A57 /* FitbitStepViewController.swift */,
				CB7F4CC922FF4DEB003EBB5C /* LearnMoreStepViewController.swift */,
				CB7F4CCD22FF5D5A003EBB5C /* LearnMoreStepViewController.xib */,
				CB2C40F82304863300FC4745 /* ReminderStepViewController.swift */,
				CB2C40FA2304864E00FC4745 /* ReminderStepViewController.xib */,
				CB53CC76230994A10028F85C /* SettingsViewController.swift */,
				CBEC4FCD230DC244007542D5 /* EndyStudyPinStepViewController.swift */,
				CBEC4FCE230DC245007542D5 /* EndStudyPinStepViewController.xib */,
				CBEC4FD1230DC463007542D5 /* BaseTextFieldStepViewController.swift */,
				CBEC4FD9230DCCB8007542D5 /* EndOfStudyViewController.swift */,
			);
			name = "View Controllers";
			sourceTree = "<group>";
		};
		CB0D00C222EE3C8000F5DD4D /* BrainBaseline */ = {
			isa = PBXGroup;
			children = (
				CB0D00C322EE3CA500F5DD4D /* BrainBaselineManager.swift */,
				CB0D00C522EE3CFF00F5DD4D /* BrainBaselineStepViewController.swift */,
			);
			name = BrainBaseline;
			sourceTree = "<group>";
		};
		CB2B536322FF845000C3F87F /* BiomarinPKUStudyTests */ = {
			isa = PBXGroup;
			children = (
				CB2B53702301C3C000C3F87F /* PKUCodableStepObjectTests.swift */,
				CB2B53712301C3C000C3F87F /* PKUCopyStepTests.swift */,
				CB2B536C22FF846F00C3F87F /* ActivityScheduleManagerTests.swift */,
				CB2B5374230219E200C3F87F /* ActivityViewControllerTests.swift */,
				CB2B536E2301BE4A00C3F87F /* ExternalIdViewControllerTests.swift */,
				CB5B91BA230A0F7700B80EF0 /* ReminderManagerTests.swift */,
				CB5B91BC230A0F8700B80EF0 /* ReminderStepViewControllerTests.swift */,
				CB5B91C0230A4D6800B80EF0 /* SettingsViewControllerTests.swift */,
				CB5B91BE230A142F00B80EF0 /* MockReminderManager.swift */,
				CB2B536622FF845000C3F87F /* Info.plist */,
			);
			path = BiomarinPKUStudyTests;
			sourceTree = "<group>";
		};
		CB5510E322A08AC30036CD6F /* BrainBaseline */ = {
			isa = PBXGroup;
			children = (
				CB5510E422A08AD50036CD6F /* BrainBaselineManager.swift */,
				CB55110A22A095440036CD6F /* BrainBaselineStepViewController.swift */,
				CB55111822A0A11C0036CD6F /* BrainBaselineStepViewController.xib */,
				CB6836CA22D44A3F0001066A /* BrainBaselineOverviewStepViewController.swift */,
				CB6836C822D44A040001066A /* BrainBaselineOverviewStepViewController.xib */,
			);
			name = BrainBaseline;
			sourceTree = "<group>";
		};
		CB55113522A0B79A0036CD6F /* JSON */ = {
			isa = PBXGroup;
			children = (
				CB55113622A0B7ED0036CD6F /* Attentional Blink.json */,
				CB55115B22A0D34E0036CD6F /* Symbol Substitution.json */,
				CB55115F22A0D34E0036CD6F /* Go No Go.json */,
				CB55115922A0D34E0036CD6F /* N Back.json */,
				CB55115D22A0D34E0036CD6F /* Spatial Memory.json */,
				CBD4F70522A4670B000C402F /* Task Switch.json */,
				CB7F4CC122FF1DCD003EBB5C /* Daily Check-In.json */,
				CB7F4CBF22FF1DCD003EBB5C /* Sleep Check-In.json */,
			);
			name = JSON;
			sourceTree = "<group>";
		};
		CB93C16122D819E8007415C6 /* Videos */ = {
			isa = PBXGroup;
			children = (
				441651D022F10B8600E02DAC /* KineticTremor.mp4 */,
				441651CF22F10B8500E02DAC /* Tapping.mp4 */,
				441651D122F10B8700E02DAC /* Tremor.mp4 */,
			);
			name = Videos;
			sourceTree = "<group>";
		};
		CBF8CB41228F83FF0089BDF0 /* Fonts */ = {
			isa = PBXGroup;
			children = (
				CBF8CB42228F84460089BDF0 /* lato_black.ttf */,
				CBF8CB43228F84460089BDF0 /* lato_bold.ttf */,
				CBF8CB45228F84460089BDF0 /* lato_bolditalic.ttf */,
				CBF8CB46228F84460089BDF0 /* lato_italic.ttf */,
				CBF8CB47228F84470089BDF0 /* lato_light.ttf */,
				CBF8CB4B228F84480089BDF0 /* lato_lightitalic.ttf */,
				CBF8CB48228F84470089BDF0 /* lato_regular.ttf */,
			);
			name = Fonts;
			sourceTree = "<group>";
		};
		CBF8CB592290535F0089BDF0 /* ObjC */ = {
			isa = PBXGroup;
			children = (
				CBF8CB5B229053A40089BDF0 /* PKUBuildDateUtil.m */,
				CBF8CB5A229053A30089BDF0 /* BiomarinPKU-Bridging-Header.h */,
			);
			name = ObjC;
			sourceTree = "<group>";
		};
		CBF8CB74229065520089BDF0 /* Resources */ = {
			isa = PBXGroup;
			children = (
				CB93C16122D819E8007415C6 /* Videos */,
				CB55113522A0B79A0036CD6F /* JSON */,
				CBF8CB75229065670089BDF0 /* PKU.strings */,
			);
			name = Resources;
			sourceTree = "<group>";
		};
		F806116D227BA025005FCABF = {
			isa = PBXGroup;
			children = (
				CB5510E822A08D170036CD6F /* BBLStudy-BioMarin-PKU.bundle */,
				F8061178227BA025005FCABF /* BiomarinPKU */,
				FF3CC62C22D7BAA70037E65B /* BiomarinPKU-Study */,
				F806118D227BA027005FCABF /* BiomarinPKUTests */,
				CB2B536322FF845000C3F87F /* BiomarinPKUStudyTests */,
				F8087B88227BC7CB005BDDEC /* Frameworks */,
				F8061177227BA025005FCABF /* Products */,
			);
			sourceTree = "<group>";
		};
		F8061177227BA025005FCABF /* Products */ = {
			isa = PBXGroup;
			children = (
				F8061176227BA025005FCABF /* BiomarinPKU.app */,
				F806118A227BA027005FCABF /* BiomarinPKUTests.xctest */,
				FF3CC62B22D7BAA60037E65B /* BiomarinPKU-Study.app */,
				CB2B536222FF845000C3F87F /* BiomarinPKUStudyTests.xctest */,
			);
			name = Products;
			sourceTree = "<group>";
		};
		F8061178227BA025005FCABF /* BiomarinPKU */ = {
			isa = PBXGroup;
			children = (
				F8061179227BA025005FCABF /* AppDelegate.swift */,
				CB55114322A0B9920036CD6F /* PKUTaskFactory.swift */,
				F806117D227BA025005FCABF /* Main.storyboard */,
				F8061180227BA026005FCABF /* Assets.xcassets */,
				F8061182227BA026005FCABF /* LaunchScreen.storyboard */,
				F8087BA7227BDC97005BDDEC /* Model */,
				F8087BA2227BDA4E005BDDEC /* View Controllers */,
				CB5510E322A08AC30036CD6F /* BrainBaseline */,
				CBF8CB74229065520089BDF0 /* Resources */,
				CBF8CB592290535F0089BDF0 /* ObjC */,
				F8087B8C227BC9E4005BDDEC /* Support Files */,
				CBF8CB41228F83FF0089BDF0 /* Fonts */,
			);
			path = BiomarinPKU;
			sourceTree = "<group>";
		};
		F806118D227BA027005FCABF /* BiomarinPKUTests */ = {
			isa = PBXGroup;
			children = (
				CB46274B22D7843400AD79B1 /* AppDelegateTests.swift */,
				CB9DBB4B22D658D300F89E77 /* PKUCopyStepTests.swift */,
				CB9DBB4922D658BD00F89E77 /* PKUCodableStepObjectTests.swift */,
				CB80522222D6E84F0050E834 /* BrainBaselinManagerTests.swift */,
				CB80522422D7753B0050E834 /* BrainBaselineStepViewControllerTests.swift */,
				F8061190227BA027005FCABF /* Info.plist */,
			);
			path = BiomarinPKUTests;
			sourceTree = "<group>";
		};
		F8087B88227BC7CB005BDDEC /* Frameworks */ = {
			isa = PBXGroup;
			children = (
				CB5510EC22A08F3F0036CD6F /* BrainBaseline.framework */,
				F8087B81227BC7B2005BDDEC /* ResearchUI.framework */,
				F8087B7E227BC7B2005BDDEC /* Research.framework */,
				F83EEBBB229DA96500476F7F /* ResearchMotion.framework */,
				F8087B7B227BC7B2005BDDEC /* MotorControl.framework */,
				F8087B78227BC7B2005BDDEC /* BridgeApp.framework */,
				F8087B75227BC7B2005BDDEC /* BridgeSDK.framework */,
			);
			path = Frameworks;
			sourceTree = "<group>";
		};
		F8087B8C227BC9E4005BDDEC /* Support Files */ = {
			isa = PBXGroup;
			children = (
				F8087B93227BCA92005BDDEC /* BiomarinPKU.entitlements */,
				F8087B91227BCA40005BDDEC /* BridgeInfo.plist */,
				F8087B8D227BCA16005BDDEC /* BridgeInfo-private.plist */,
				F8087B8E227BCA16005BDDEC /* biomarin-pku.pem */,
				F8061185227BA026005FCABF /* Info.plist */,
			);
			name = "Support Files";
			sourceTree = "<group>";
		};
		F8087BA2227BDA4E005BDDEC /* View Controllers */ = {
			isa = PBXGroup;
			children = (
				F8087BA5227BDC4D005BDDEC /* TaskListTableViewController.swift */,
			);
			name = "View Controllers";
			sourceTree = "<group>";
		};
		F8087BA7227BDC97005BDDEC /* Model */ = {
			isa = PBXGroup;
			children = (
				F8087BAA227BDE94005BDDEC /* MotorControl+Bridge.swift */,
				F8087BAC227BEB95005BDDEC /* TaskListScheduleManager.swift */,
				CB0D00C922EE45E900F5DD4D /* FontRules.swift */,
			);
			name = Model;
			sourceTree = "<group>";
		};
		FF3CC62C22D7BAA70037E65B /* BiomarinPKU-Study */ = {
			isa = PBXGroup;
			children = (
				CB0D00A122E804B900F5DD4D /* AppDelegate.swift */,
				FF3CC63122D7BAA70037E65B /* Main.storyboard */,
				CBEC4FD3230DCA3B007542D5 /* EndOfStudy.storyboard */,
				CB3B194D22FCCDF4007CF330 /* Assets.xcassets */,
				CB0D00A422E8083700F5DD4D /* Model */,
				CB0D00A522E80A4F00F5DD4D /* View Controllers */,
				CB0D00C222EE3C8000F5DD4D /* BrainBaseline */,
				FF3CC63D22D7BB4D0037E65B /* Support Files */,
			);
			path = "BiomarinPKU-Study";
			sourceTree = "<group>";
		};
		FF3CC63D22D7BB4D0037E65B /* Support Files */ = {
			isa = PBXGroup;
			children = (
				CB0D00C122EE377700F5DD4D /* BiomarinPKU-Study.entitlements */,
				FF3CC65E22D7C3420037E65B /* biomarin-pku-study.pem */,
				FF3CC65C22D7C3300037E65B /* BridgeInfo-private.plist */,
				FF3CC65A22D7C31A0037E65B /* BridgeInfo.plist */,
				FF3CC63922D7BAA70037E65B /* Info.plist */,
			);
			name = "Support Files";
			sourceTree = "<group>";
		};
/* End PBXGroup section */

/* Begin PBXNativeTarget section */
		CB2B536122FF845000C3F87F /* BiomarinPKUStudyTests */ = {
			isa = PBXNativeTarget;
			buildConfigurationList = CB2B536922FF845000C3F87F /* Build configuration list for PBXNativeTarget "BiomarinPKUStudyTests" */;
			buildPhases = (
				CB2B535E22FF845000C3F87F /* Sources */,
				CB2B535F22FF845000C3F87F /* Frameworks */,
				CB2B536022FF845000C3F87F /* Resources */,
			);
			buildRules = (
			);
			dependencies = (
				CB2B536822FF845000C3F87F /* PBXTargetDependency */,
			);
			name = BiomarinPKUStudyTests;
			productName = BiomarinPKUStudyTests;
			productReference = CB2B536222FF845000C3F87F /* BiomarinPKUStudyTests.xctest */;
			productType = "com.apple.product-type.bundle.unit-test";
		};
		F8061175227BA025005FCABF /* BiomarinPKU */ = {
			isa = PBXNativeTarget;
			buildConfigurationList = F8061193227BA027005FCABF /* Build configuration list for PBXNativeTarget "BiomarinPKU" */;
			buildPhases = (
				F8061172227BA025005FCABF /* Sources */,
				F8061173227BA025005FCABF /* Frameworks */,
				F8061174227BA025005FCABF /* Resources */,
				F8087B87227BC7B2005BDDEC /* Embed Frameworks */,
				807A798122BBEC09009FC86B /* ShellScript */,
			);
			buildRules = (
			);
			dependencies = (
			);
			name = BiomarinPKU;
			productName = BiomarinPKU;
			productReference = F8061176227BA025005FCABF /* BiomarinPKU.app */;
			productType = "com.apple.product-type.application";
		};
		F8061189227BA027005FCABF /* BiomarinPKUTests */ = {
			isa = PBXNativeTarget;
			buildConfigurationList = F8061196227BA027005FCABF /* Build configuration list for PBXNativeTarget "BiomarinPKUTests" */;
			buildPhases = (
				F8061186227BA027005FCABF /* Sources */,
				F8061187227BA027005FCABF /* Frameworks */,
				F8061188227BA027005FCABF /* Resources */,
			);
			buildRules = (
			);
			dependencies = (
				F806118C227BA027005FCABF /* PBXTargetDependency */,
			);
			name = BiomarinPKUTests;
			productName = BiomarinPKUTests;
			productReference = F806118A227BA027005FCABF /* BiomarinPKUTests.xctest */;
			productType = "com.apple.product-type.bundle.unit-test";
		};
		FF3CC62A22D7BAA60037E65B /* BiomarinPKU-Study */ = {
			isa = PBXNativeTarget;
			buildConfigurationList = FF3CC63C22D7BAA70037E65B /* Build configuration list for PBXNativeTarget "BiomarinPKU-Study" */;
			buildPhases = (
				FF3CC62722D7BAA60037E65B /* Sources */,
				FF3CC62822D7BAA60037E65B /* Frameworks */,
				FF3CC62922D7BAA60037E65B /* Resources */,
				FF3CC66C22D7C5710037E65B /* Embed Frameworks */,
				44B12C412305E9BC00D0907E /* ShellScript */,
			);
			buildRules = (
			);
			dependencies = (
			);
			name = "BiomarinPKU-Study";
			productName = "BiomarinPKU-Study";
			productReference = FF3CC62B22D7BAA60037E65B /* BiomarinPKU-Study.app */;
			productType = "com.apple.product-type.application";
		};
/* End PBXNativeTarget section */

/* Begin PBXProject section */
		F806116E227BA025005FCABF /* Project object */ = {
			isa = PBXProject;
			attributes = {
				LastSwiftUpdateCheck = 1030;
				LastUpgradeCheck = 1020;
				ORGANIZATIONNAME = "Sage Bionetworks";
				TargetAttributes = {
					CB2B536122FF845000C3F87F = {
						CreatedOnToolsVersion = 10.3;
						TestTargetID = FF3CC62A22D7BAA60037E65B;
					};
					F8061175227BA025005FCABF = {
						CreatedOnToolsVersion = 10.2;
						LastSwiftMigration = 1020;
						SystemCapabilities = {
							com.apple.ApplicationGroups.iOS = {
								enabled = 1;
							};
							com.apple.BackgroundModes = {
								enabled = 1;
							};
							com.apple.DataProtection = {
								enabled = 1;
							};
							com.apple.InterAppAudio = {
								enabled = 0;
							};
							com.apple.Keychain = {
								enabled = 0;
							};
						};
					};
					F8061189227BA027005FCABF = {
						CreatedOnToolsVersion = 10.2;
						TestTargetID = F8061175227BA025005FCABF;
					};
					FF3CC62A22D7BAA60037E65B = {
						CreatedOnToolsVersion = 10.2.1;
						SystemCapabilities = {
							com.apple.ApplicationGroups.iOS = {
								enabled = 1;
							};
							com.apple.BackgroundModes = {
								enabled = 1;
							};
							com.apple.DataProtection = {
								enabled = 1;
							};
						};
					};
				};
			};
			buildConfigurationList = F8061171227BA025005FCABF /* Build configuration list for PBXProject "BiomarinPKU" */;
			compatibilityVersion = "Xcode 9.3";
			developmentRegion = en;
			hasScannedForEncodings = 0;
			knownRegions = (
				en,
				Base,
			);
			mainGroup = F806116D227BA025005FCABF;
			productRefGroup = F8061177227BA025005FCABF /* Products */;
			projectDirPath = "";
			projectRoot = "";
			targets = (
				F8061175227BA025005FCABF /* BiomarinPKU */,
				FF3CC62A22D7BAA60037E65B /* BiomarinPKU-Study */,
				F8061189227BA027005FCABF /* BiomarinPKUTests */,
				CB2B536122FF845000C3F87F /* BiomarinPKUStudyTests */,
			);
		};
/* End PBXProject section */

/* Begin PBXResourcesBuildPhase section */
		CB2B536022FF845000C3F87F /* Resources */ = {
			isa = PBXResourcesBuildPhase;
			buildActionMask = 2147483647;
			files = (
			);
			runOnlyForDeploymentPostprocessing = 0;
		};
		F8061174227BA025005FCABF /* Resources */ = {
			isa = PBXResourcesBuildPhase;
			buildActionMask = 2147483647;
			files = (
				CBF8CB52228F844E0089BDF0 /* lato_italic.ttf in Resources */,
				441651D422F10B8700E02DAC /* KineticTremor.mp4 in Resources */,
				F8061184227BA026005FCABF /* LaunchScreen.storyboard in Resources */,
				CB55116122A0D34F0036CD6F /* N Back.json in Resources */,
				CB7F4CC422FF1DCD003EBB5C /* Daily Check-In.json in Resources */,
				CBF8CB4C228F844A0089BDF0 /* lato_black.ttf in Resources */,
				F8087B92227BCA40005BDDEC /* BridgeInfo.plist in Resources */,
				441651D622F10B8700E02DAC /* Tremor.mp4 in Resources */,
				CB5510E922A08D170036CD6F /* BBLStudy-BioMarin-PKU.bundle in Resources */,
				F8087B90227BCA16005BDDEC /* biomarin-pku.pem in Resources */,
				CB55116422A0D34F0036CD6F /* Go No Go.json in Resources */,
				F8061181227BA026005FCABF /* Assets.xcassets in Resources */,
				F806117F227BA025005FCABF /* Main.storyboard in Resources */,
				CBF8CB76229065670089BDF0 /* PKU.strings in Resources */,
				CB55113822A0B7ED0036CD6F /* Attentional Blink.json in Resources */,
				CBF8CB53228F844E0089BDF0 /* lato_light.ttf in Resources */,
				CB6836C922D44A040001066A /* BrainBaselineOverviewStepViewController.xib in Resources */,
				CBF8CB4F228F844E0089BDF0 /* lato_bolditalic.ttf in Resources */,
				CBF8CB54228F844E0089BDF0 /* lato_lightitalic.ttf in Resources */,
				CB55116322A0D34F0036CD6F /* Spatial Memory.json in Resources */,
				CBF8CB55228F844E0089BDF0 /* lato_regular.ttf in Resources */,
				CBD4F70722A4670B000C402F /* Task Switch.json in Resources */,
				CB55116222A0D34F0036CD6F /* Symbol Substitution.json in Resources */,
				F8087B8F227BCA16005BDDEC /* BridgeInfo-private.plist in Resources */,
				441651D222F10B8700E02DAC /* Tapping.mp4 in Resources */,
				CB55111922A0A11C0036CD6F /* BrainBaselineStepViewController.xib in Resources */,
				CBF8CB4E228F844E0089BDF0 /* lato_bold.ttf in Resources */,
				CB7F4CC322FF1DCD003EBB5C /* Sleep Check-In.json in Resources */,
			);
			runOnlyForDeploymentPostprocessing = 0;
		};
		F8061188227BA027005FCABF /* Resources */ = {
			isa = PBXResourcesBuildPhase;
			buildActionMask = 2147483647;
			files = (
			);
			runOnlyForDeploymentPostprocessing = 0;
		};
		FF3CC62922D7BAA60037E65B /* Resources */ = {
			isa = PBXResourcesBuildPhase;
			buildActionMask = 2147483647;
			files = (
				CB7F4CC522FF1DD1003EBB5C /* Daily Check-In.json in Resources */,
				FF3CC67022D7C6710037E65B /* BrainBaselineStepViewController.xib in Resources */,
				441651D522F10B8700E02DAC /* KineticTremor.mp4 in Resources */,
				FF3CC64D22D7C2B00037E65B /* Go No Go.json in Resources */,
				FF3CC65B22D7C31A0037E65B /* BridgeInfo.plist in Resources */,
				FF3CC64522D7C1FB0037E65B /* lato_italic.ttf in Resources */,
				FF3CC64F22D7C2B00037E65B /* Spatial Memory.json in Resources */,
				CB2C40FB2304864E00FC4745 /* ReminderStepViewController.xib in Resources */,
				441651D722F10B8700E02DAC /* Tremor.mp4 in Resources */,
				FF3CC67222D7C6710037E65B /* BrainBaselineOverviewStepViewController.xib in Resources */,
				FF3CC64622D7C1FB0037E65B /* lato_light.ttf in Resources */,
				FF3CC65022D7C2B00037E65B /* Task Switch.json in Resources */,
				FF3CC64122D7C1B70037E65B /* LaunchScreen.storyboard in Resources */,
				CBEC4FD5230DCA3B007542D5 /* EndOfStudy.storyboard in Resources */,
				FF3CC64A22D7C2AA0037E65B /* PKU.strings in Resources */,
				FF3CC64322D7C1FB0037E65B /* lato_bold.ttf in Resources */,
				CB7F4CCE22FF5D5B003EBB5C /* LearnMoreStepViewController.xib in Resources */,
				FF3CC64422D7C1FB0037E65B /* lato_bolditalic.ttf in Resources */,
				CB1A259C22F65BA400ED3A57 /* ExternalIDRegistrationViewController.xib in Resources */,
				FF3CC64722D7C1FB0037E65B /* lato_lightitalic.ttf in Resources */,
				FF3CC64222D7C1FB0037E65B /* lato_black.ttf in Resources */,
				FF3CC64B22D7C2B00037E65B /* Attentional Blink.json in Resources */,
				FF3CC63322D7BAA70037E65B /* Main.storyboard in Resources */,
				CBEC4FD0230DC245007542D5 /* EndStudyPinStepViewController.xib in Resources */,
				FF3CC64C22D7C2B00037E65B /* Symbol Substitution.json in Resources */,
				CB0D00C022EE36BF00F5DD4D /* BBLStudy-BioMarin-PKU.bundle in Resources */,
				FF3CC64822D7C1FB0037E65B /* lato_regular.ttf in Resources */,
				FF3CC65D22D7C3300037E65B /* BridgeInfo-private.plist in Resources */,
				441651D322F10B8700E02DAC /* Tapping.mp4 in Resources */,
				FF3CC65F22D7C3430037E65B /* biomarin-pku-study.pem in Resources */,
				CB3B194E22FCCDF5007CF330 /* Assets.xcassets in Resources */,
				CB7F4CC622FF1DD3003EBB5C /* Sleep Check-In.json in Resources */,
				FF3CC64E22D7C2B00037E65B /* N Back.json in Resources */,
			);
			runOnlyForDeploymentPostprocessing = 0;
		};
/* End PBXResourcesBuildPhase section */

/* Begin PBXShellScriptBuildPhase section */
		44B12C412305E9BC00D0907E /* ShellScript */ = {
			isa = PBXShellScriptBuildPhase;
			buildActionMask = 2147483647;
			files = (
			);
			inputFileListPaths = (
			);
			inputPaths = (
			);
			outputFileListPaths = (
			);
			outputPaths = (
			);
			runOnlyForDeploymentPostprocessing = 0;
			shellPath = /bin/sh;
			shellScript = "# Type a script or drag a script file from your workspace to insert its path.\nif [ \"${CONFIGURATION}\" = \"Release\" ]; then\n\nBiomarinPKU-Study/strip-frameworks.sh\n\nfi\n";
		};
		807A798122BBEC09009FC86B /* ShellScript */ = {
			isa = PBXShellScriptBuildPhase;
			buildActionMask = 2147483647;
			files = (
			);
			inputFileListPaths = (
			);
			inputPaths = (
			);
			outputFileListPaths = (
			);
			outputPaths = (
			);
			runOnlyForDeploymentPostprocessing = 0;
			shellPath = /bin/sh;
			shellScript = "if [ \"${CONFIGURATION}\" = \"Release\" ]; then\n\nBiomarinPKU/strip-frameworks.sh\n\nfi\n";
		};
/* End PBXShellScriptBuildPhase section */

/* Begin PBXSourcesBuildPhase section */
		CB2B535E22FF845000C3F87F /* Sources */ = {
			isa = PBXSourcesBuildPhase;
			buildActionMask = 2147483647;
			files = (
				CB2B5375230219E200C3F87F /* ActivityViewControllerTests.swift in Sources */,
				CB2B536F2301BE4A00C3F87F /* ExternalIdViewControllerTests.swift in Sources */,
				CB5B91BD230A0F8700B80EF0 /* ReminderStepViewControllerTests.swift in Sources */,
				CB2B536D22FF846F00C3F87F /* ActivityScheduleManagerTests.swift in Sources */,
				CB5B91C1230A4D6800B80EF0 /* SettingsViewControllerTests.swift in Sources */,
				CB2B53722301C3C000C3F87F /* PKUCodableStepObjectTests.swift in Sources */,
				CB2B53732301C3C000C3F87F /* PKUCopyStepTests.swift in Sources */,
				CB5B91BB230A0F7700B80EF0 /* ReminderManagerTests.swift in Sources */,
				CB5B91BF230A142F00B80EF0 /* MockReminderManager.swift in Sources */,
			);
			runOnlyForDeploymentPostprocessing = 0;
		};
		F8061172227BA025005FCABF /* Sources */ = {
			isa = PBXSourcesBuildPhase;
			buildActionMask = 2147483647;
			files = (
				CB55114422A0B9920036CD6F /* PKUTaskFactory.swift in Sources */,
				CB55110B22A095440036CD6F /* BrainBaselineStepViewController.swift in Sources */,
				CB0D00A322E804FF00F5DD4D /* AppDelegate.swift in Sources */,
				CBF8CB5C229053A40089BDF0 /* PKUBuildDateUtil.m in Sources */,
				CB6836CB22D44A3F0001066A /* BrainBaselineOverviewStepViewController.swift in Sources */,
				F8087BAB227BDE94005BDDEC /* MotorControl+Bridge.swift in Sources */,
				CB0D00CA22EE45E900F5DD4D /* FontRules.swift in Sources */,
				F8087BAD227BEB95005BDDEC /* TaskListScheduleManager.swift in Sources */,
				CB0D00AA22E80B3C00F5DD4D /* TaskListTableViewController.swift in Sources */,
				CB5510E522A08AD50036CD6F /* BrainBaselineManager.swift in Sources */,
			);
			runOnlyForDeploymentPostprocessing = 0;
		};
		F8061186227BA027005FCABF /* Sources */ = {
			isa = PBXSourcesBuildPhase;
			buildActionMask = 2147483647;
			files = (
				CB80522522D7753B0050E834 /* BrainBaselineStepViewControllerTests.swift in Sources */,
				CB80522322D6E84F0050E834 /* BrainBaselinManagerTests.swift in Sources */,
				CB9DBB4C22D658D300F89E77 /* PKUCopyStepTests.swift in Sources */,
				CB46274C22D7843400AD79B1 /* AppDelegateTests.swift in Sources */,
				CB9DBB4A22D658BD00F89E77 /* PKUCodableStepObjectTests.swift in Sources */,
			);
			runOnlyForDeploymentPostprocessing = 0;
		};
		FF3CC62722D7BAA60037E65B /* Sources */ = {
			isa = PBXSourcesBuildPhase;
			buildActionMask = 2147483647;
			files = (
				FF3CC67122D7C6710037E65B /* BrainBaselineOverviewStepViewController.swift in Sources */,
				CB11172B2305FFE7004E6E3F /* ReminderManager.swift in Sources */,
				CB1A25A222F7314900ED3A57 /* FitbitStepViewController.swift in Sources */,
				FF3CC64922D7C2100037E65B /* PKUBuildDateUtil.m in Sources */,
				CB7F4CCB22FF4DEB003EBB5C /* LearnMoreStepViewController.swift in Sources */,
				CB0D00A722E80B1A00F5DD4D /* ActivityViewController.swift in Sources */,
				CBEC4FCF230DC245007542D5 /* EndyStudyPinStepViewController.swift in Sources */,
				CB0D00C422EE3CA500F5DD4D /* BrainBaselineManager.swift in Sources */,
				CB7F4CC822FF2103003EBB5C /* PKUTaskFactory.swift in Sources */,
				CB0D00A222E804B900F5DD4D /* AppDelegate.swift in Sources */,
				CB3B195622FD00E5007CF330 /* ActivityScheduleManager.swift in Sources */,
				CBEC4FD2230DC463007542D5 /* BaseTextFieldStepViewController.swift in Sources */,
				CB0D00CB22EE463E00F5DD4D /* FontRules.swift in Sources */,
				CB1A259B22F65BA400ED3A57 /* ExternalIDRegistrationViewController.swift in Sources */,
				CB53CC77230994A10028F85C /* SettingsViewController.swift in Sources */,
				FF3CC65422D7C2C80037E65B /* EmojiChoiceTableStepViewController.swift in Sources */,
				CB0D00C622EE3CFF00F5DD4D /* BrainBaselineStepViewController.swift in Sources */,
				CBEC4FDA230DCCB8007542D5 /* EndOfStudyViewController.swift in Sources */,
				CB2C40F92304863300FC4745 /* ReminderStepViewController.swift in Sources */,
				FF3CC65722D7C2D30037E65B /* MotorControl+Bridge.swift in Sources */,
			);
			runOnlyForDeploymentPostprocessing = 0;
		};
/* End PBXSourcesBuildPhase section */

/* Begin PBXTargetDependency section */
		CB2B536822FF845000C3F87F /* PBXTargetDependency */ = {
			isa = PBXTargetDependency;
			target = FF3CC62A22D7BAA60037E65B /* BiomarinPKU-Study */;
			targetProxy = CB2B536722FF845000C3F87F /* PBXContainerItemProxy */;
		};
		F806118C227BA027005FCABF /* PBXTargetDependency */ = {
			isa = PBXTargetDependency;
			target = F8061175227BA025005FCABF /* BiomarinPKU */;
			targetProxy = F806118B227BA027005FCABF /* PBXContainerItemProxy */;
		};
/* End PBXTargetDependency section */

/* Begin PBXVariantGroup section */
		CB55113622A0B7ED0036CD6F /* Attentional Blink.json */ = {
			isa = PBXVariantGroup;
			children = (
				CB55113722A0B7ED0036CD6F /* Base */,
			);
			name = "Attentional Blink.json";
			sourceTree = "<group>";
		};
		CB55115922A0D34E0036CD6F /* N Back.json */ = {
			isa = PBXVariantGroup;
			children = (
				CB55115A22A0D34E0036CD6F /* Base */,
			);
			name = "N Back.json";
			sourceTree = "<group>";
		};
		CB55115B22A0D34E0036CD6F /* Symbol Substitution.json */ = {
			isa = PBXVariantGroup;
			children = (
				CB55115C22A0D34E0036CD6F /* Base */,
			);
			name = "Symbol Substitution.json";
			sourceTree = "<group>";
		};
		CB55115D22A0D34E0036CD6F /* Spatial Memory.json */ = {
			isa = PBXVariantGroup;
			children = (
				CB55115E22A0D34E0036CD6F /* Base */,
			);
			name = "Spatial Memory.json";
			sourceTree = "<group>";
		};
		CB55115F22A0D34E0036CD6F /* Go No Go.json */ = {
			isa = PBXVariantGroup;
			children = (
				CB55116022A0D34F0036CD6F /* Base */,
			);
			name = "Go No Go.json";
			sourceTree = "<group>";
		};
		CB7F4CBF22FF1DCD003EBB5C /* Sleep Check-In.json */ = {
			isa = PBXVariantGroup;
			children = (
				CB7F4CC022FF1DCD003EBB5C /* Base */,
			);
			name = "Sleep Check-In.json";
			sourceTree = "<group>";
		};
		CB7F4CC122FF1DCD003EBB5C /* Daily Check-In.json */ = {
			isa = PBXVariantGroup;
			children = (
				CB7F4CC222FF1DCD003EBB5C /* Base */,
			);
			name = "Daily Check-In.json";
			sourceTree = "<group>";
		};
		CBD4F70522A4670B000C402F /* Task Switch.json */ = {
			isa = PBXVariantGroup;
			children = (
				CBD4F70622A4670B000C402F /* Base */,
			);
			name = "Task Switch.json";
			sourceTree = "<group>";
		};
		CBEC4FD3230DCA3B007542D5 /* EndOfStudy.storyboard */ = {
			isa = PBXVariantGroup;
			children = (
				CBEC4FD4230DCA3B007542D5 /* Base */,
			);
			name = EndOfStudy.storyboard;
			sourceTree = "<group>";
		};
		F806117D227BA025005FCABF /* Main.storyboard */ = {
			isa = PBXVariantGroup;
			children = (
				F806117E227BA025005FCABF /* Base */,
			);
			name = Main.storyboard;
			sourceTree = "<group>";
		};
		F8061182227BA026005FCABF /* LaunchScreen.storyboard */ = {
			isa = PBXVariantGroup;
			children = (
				F8061183227BA026005FCABF /* Base */,
			);
			name = LaunchScreen.storyboard;
			sourceTree = "<group>";
		};
		FF3CC63122D7BAA70037E65B /* Main.storyboard */ = {
			isa = PBXVariantGroup;
			children = (
				FF3CC63222D7BAA70037E65B /* Base */,
			);
			name = Main.storyboard;
			sourceTree = "<group>";
		};
/* End PBXVariantGroup section */

/* Begin XCBuildConfiguration section */
		CB2B536A22FF845000C3F87F /* Debug */ = {
			isa = XCBuildConfiguration;
			buildSettings = {
				BUNDLE_LOADER = "$(TEST_HOST)";
				CODE_SIGN_STYLE = Automatic;
				DEVELOPMENT_TEAM = KA9Z8R6M6K;
				INFOPLIST_FILE = BiomarinPKUStudyTests/Info.plist;
				IPHONEOS_DEPLOYMENT_TARGET = 12.4;
				LD_RUNPATH_SEARCH_PATHS = (
					"$(inherited)",
					"@executable_path/Frameworks",
					"@loader_path/Frameworks",
				);
				PRODUCT_BUNDLE_IDENTIFIER = org.sagebionetworks.BiomarinPKUStudyTests;
				PRODUCT_NAME = "$(TARGET_NAME)";
				SWIFT_VERSION = 5.0;
				TARGETED_DEVICE_FAMILY = "1,2";
				TEST_HOST = "$(BUILT_PRODUCTS_DIR)/BiomarinPKU-Study.app/BiomarinPKU-Study";
			};
			name = Debug;
		};
		CB2B536B22FF845000C3F87F /* Release */ = {
			isa = XCBuildConfiguration;
			buildSettings = {
				BUNDLE_LOADER = "$(TEST_HOST)";
				CODE_SIGN_STYLE = Automatic;
				DEVELOPMENT_TEAM = KA9Z8R6M6K;
				INFOPLIST_FILE = BiomarinPKUStudyTests/Info.plist;
				IPHONEOS_DEPLOYMENT_TARGET = 12.4;
				LD_RUNPATH_SEARCH_PATHS = (
					"$(inherited)",
					"@executable_path/Frameworks",
					"@loader_path/Frameworks",
				);
				PRODUCT_BUNDLE_IDENTIFIER = org.sagebionetworks.BiomarinPKUStudyTests;
				PRODUCT_NAME = "$(TARGET_NAME)";
				SWIFT_VERSION = 5.0;
				TARGETED_DEVICE_FAMILY = "1,2";
				TEST_HOST = "$(BUILT_PRODUCTS_DIR)/BiomarinPKU-Study.app/BiomarinPKU-Study";
			};
			name = Release;
		};
		F8061191227BA027005FCABF /* Debug */ = {
			isa = XCBuildConfiguration;
			buildSettings = {
				ALWAYS_SEARCH_USER_PATHS = NO;
				CLANG_ANALYZER_NONNULL = YES;
				CLANG_ANALYZER_NUMBER_OBJECT_CONVERSION = YES_AGGRESSIVE;
				CLANG_CXX_LANGUAGE_STANDARD = "gnu++14";
				CLANG_CXX_LIBRARY = "libc++";
				CLANG_ENABLE_MODULES = YES;
				CLANG_ENABLE_OBJC_ARC = YES;
				CLANG_ENABLE_OBJC_WEAK = YES;
				CLANG_WARN_BLOCK_CAPTURE_AUTORELEASING = YES;
				CLANG_WARN_BOOL_CONVERSION = YES;
				CLANG_WARN_COMMA = YES;
				CLANG_WARN_CONSTANT_CONVERSION = YES;
				CLANG_WARN_DEPRECATED_OBJC_IMPLEMENTATIONS = YES;
				CLANG_WARN_DIRECT_OBJC_ISA_USAGE = YES_ERROR;
				CLANG_WARN_DOCUMENTATION_COMMENTS = YES;
				CLANG_WARN_EMPTY_BODY = YES;
				CLANG_WARN_ENUM_CONVERSION = YES;
				CLANG_WARN_INFINITE_RECURSION = YES;
				CLANG_WARN_INT_CONVERSION = YES;
				CLANG_WARN_NON_LITERAL_NULL_CONVERSION = YES;
				CLANG_WARN_OBJC_IMPLICIT_RETAIN_SELF = YES;
				CLANG_WARN_OBJC_LITERAL_CONVERSION = YES;
				CLANG_WARN_OBJC_ROOT_CLASS = YES_ERROR;
				CLANG_WARN_RANGE_LOOP_ANALYSIS = YES;
				CLANG_WARN_STRICT_PROTOTYPES = YES;
				CLANG_WARN_SUSPICIOUS_MOVE = YES;
				CLANG_WARN_UNGUARDED_AVAILABILITY = YES_AGGRESSIVE;
				CLANG_WARN_UNREACHABLE_CODE = YES;
				CLANG_WARN__DUPLICATE_METHOD_MATCH = YES;
				CODE_SIGN_IDENTITY = "iPhone Developer";
				COPY_PHASE_STRIP = NO;
				DEBUG_INFORMATION_FORMAT = dwarf;
				ENABLE_STRICT_OBJC_MSGSEND = YES;
				ENABLE_TESTABILITY = YES;
				GCC_C_LANGUAGE_STANDARD = gnu11;
				GCC_DYNAMIC_NO_PIC = NO;
				GCC_NO_COMMON_BLOCKS = YES;
				GCC_OPTIMIZATION_LEVEL = 0;
				GCC_PREPROCESSOR_DEFINITIONS = (
					"DEBUG=1",
					"$(inherited)",
				);
				GCC_WARN_64_TO_32_BIT_CONVERSION = YES;
				GCC_WARN_ABOUT_RETURN_TYPE = YES_ERROR;
				GCC_WARN_UNDECLARED_SELECTOR = YES;
				GCC_WARN_UNINITIALIZED_AUTOS = YES_AGGRESSIVE;
				GCC_WARN_UNUSED_FUNCTION = YES;
				GCC_WARN_UNUSED_VARIABLE = YES;
				IPHONEOS_DEPLOYMENT_TARGET = 12.2;
				MTL_ENABLE_DEBUG_INFO = INCLUDE_SOURCE;
				MTL_FAST_MATH = YES;
				ONLY_ACTIVE_ARCH = YES;
				SDKROOT = iphoneos;
				SWIFT_ACTIVE_COMPILATION_CONDITIONS = DEBUG;
				SWIFT_OPTIMIZATION_LEVEL = "-Onone";
			};
			name = Debug;
		};
		F8061192227BA027005FCABF /* Release */ = {
			isa = XCBuildConfiguration;
			buildSettings = {
				ALWAYS_SEARCH_USER_PATHS = NO;
				CLANG_ANALYZER_NONNULL = YES;
				CLANG_ANALYZER_NUMBER_OBJECT_CONVERSION = YES_AGGRESSIVE;
				CLANG_CXX_LANGUAGE_STANDARD = "gnu++14";
				CLANG_CXX_LIBRARY = "libc++";
				CLANG_ENABLE_MODULES = YES;
				CLANG_ENABLE_OBJC_ARC = YES;
				CLANG_ENABLE_OBJC_WEAK = YES;
				CLANG_WARN_BLOCK_CAPTURE_AUTORELEASING = YES;
				CLANG_WARN_BOOL_CONVERSION = YES;
				CLANG_WARN_COMMA = YES;
				CLANG_WARN_CONSTANT_CONVERSION = YES;
				CLANG_WARN_DEPRECATED_OBJC_IMPLEMENTATIONS = YES;
				CLANG_WARN_DIRECT_OBJC_ISA_USAGE = YES_ERROR;
				CLANG_WARN_DOCUMENTATION_COMMENTS = YES;
				CLANG_WARN_EMPTY_BODY = YES;
				CLANG_WARN_ENUM_CONVERSION = YES;
				CLANG_WARN_INFINITE_RECURSION = YES;
				CLANG_WARN_INT_CONVERSION = YES;
				CLANG_WARN_NON_LITERAL_NULL_CONVERSION = YES;
				CLANG_WARN_OBJC_IMPLICIT_RETAIN_SELF = YES;
				CLANG_WARN_OBJC_LITERAL_CONVERSION = YES;
				CLANG_WARN_OBJC_ROOT_CLASS = YES_ERROR;
				CLANG_WARN_RANGE_LOOP_ANALYSIS = YES;
				CLANG_WARN_STRICT_PROTOTYPES = YES;
				CLANG_WARN_SUSPICIOUS_MOVE = YES;
				CLANG_WARN_UNGUARDED_AVAILABILITY = YES_AGGRESSIVE;
				CLANG_WARN_UNREACHABLE_CODE = YES;
				CLANG_WARN__DUPLICATE_METHOD_MATCH = YES;
				CODE_SIGN_IDENTITY = "iPhone Developer";
				COPY_PHASE_STRIP = NO;
				DEBUG_INFORMATION_FORMAT = "dwarf-with-dsym";
				ENABLE_NS_ASSERTIONS = NO;
				ENABLE_STRICT_OBJC_MSGSEND = YES;
				GCC_C_LANGUAGE_STANDARD = gnu11;
				GCC_NO_COMMON_BLOCKS = YES;
				GCC_WARN_64_TO_32_BIT_CONVERSION = YES;
				GCC_WARN_ABOUT_RETURN_TYPE = YES_ERROR;
				GCC_WARN_UNDECLARED_SELECTOR = YES;
				GCC_WARN_UNINITIALIZED_AUTOS = YES_AGGRESSIVE;
				GCC_WARN_UNUSED_FUNCTION = YES;
				GCC_WARN_UNUSED_VARIABLE = YES;
				IPHONEOS_DEPLOYMENT_TARGET = 12.2;
				MTL_ENABLE_DEBUG_INFO = NO;
				MTL_FAST_MATH = YES;
				SDKROOT = iphoneos;
				SWIFT_COMPILATION_MODE = wholemodule;
				SWIFT_OPTIMIZATION_LEVEL = "-O";
				VALIDATE_PRODUCT = YES;
			};
			name = Release;
		};
		F8061194227BA027005FCABF /* Debug */ = {
			isa = XCBuildConfiguration;
			buildSettings = {
				ASSETCATALOG_COMPILER_APPICON_NAME = AppIcon;
				CLANG_ENABLE_MODULES = YES;
				CODE_SIGN_ENTITLEMENTS = BiomarinPKU/BiomarinPKU.entitlements;
				CODE_SIGN_IDENTITY = "iPhone Developer";
				CODE_SIGN_STYLE = Automatic;
				DEVELOPMENT_TEAM = KA9Z8R6M6K;
				FRAMEWORK_SEARCH_PATHS = (
					"$(SRCROOT)",
					"$(PROJECT_DIR)/Frameworks",
				);
				INFOPLIST_FILE = BiomarinPKU/Info.plist;
				LD_RUNPATH_SEARCH_PATHS = (
					"$(inherited)",
					"@executable_path/Frameworks",
				);
				PRODUCT_BUNDLE_IDENTIFIER = org.sagebionetworks.BiomarinPKU;
				PRODUCT_NAME = "$(TARGET_NAME)";
				PROVISIONING_PROFILE_SPECIFIER = "";
				SWIFT_OBJC_BRIDGING_HEADER = "BiomarinPKU/BiomarinPKU-Bridging-Header.h";
				SWIFT_OPTIMIZATION_LEVEL = "-Onone";
				SWIFT_VERSION = 5.0;
				TARGETED_DEVICE_FAMILY = 1;
			};
			name = Debug;
		};
		F8061195227BA027005FCABF /* Release */ = {
			isa = XCBuildConfiguration;
			buildSettings = {
				ASSETCATALOG_COMPILER_APPICON_NAME = AppIcon;
				CLANG_ENABLE_MODULES = YES;
				CODE_SIGN_ENTITLEMENTS = BiomarinPKU/BiomarinPKU.entitlements;
				CODE_SIGN_IDENTITY = "iPhone Developer";
				CODE_SIGN_STYLE = Automatic;
				DEVELOPMENT_TEAM = KA9Z8R6M6K;
				FRAMEWORK_SEARCH_PATHS = (
					"$(SRCROOT)",
					"$(PROJECT_DIR)/Frameworks",
				);
				INFOPLIST_FILE = BiomarinPKU/Info.plist;
				LD_RUNPATH_SEARCH_PATHS = (
					"$(inherited)",
					"@executable_path/Frameworks",
				);
				PRODUCT_BUNDLE_IDENTIFIER = org.sagebionetworks.BiomarinPKU;
				PRODUCT_NAME = "$(TARGET_NAME)";
				PROVISIONING_PROFILE_SPECIFIER = "";
				SWIFT_OBJC_BRIDGING_HEADER = "BiomarinPKU/BiomarinPKU-Bridging-Header.h";
				SWIFT_VERSION = 5.0;
				TARGETED_DEVICE_FAMILY = 1;
			};
			name = Release;
		};
		F8061197227BA027005FCABF /* Debug */ = {
			isa = XCBuildConfiguration;
			buildSettings = {
				ALWAYS_EMBED_SWIFT_STANDARD_LIBRARIES = YES;
				BUNDLE_LOADER = "$(TEST_HOST)";
				CODE_SIGN_STYLE = Automatic;
				DEVELOPMENT_TEAM = KA9Z8R6M6K;
				INFOPLIST_FILE = BiomarinPKUTests/Info.plist;
				LD_RUNPATH_SEARCH_PATHS = (
					"$(inherited)",
					"@executable_path/Frameworks",
					"@loader_path/Frameworks",
				);
				PRODUCT_BUNDLE_IDENTIFIER = org.sagebionetworks.BiomarinPKUTests;
				PRODUCT_NAME = "$(TARGET_NAME)";
				SWIFT_VERSION = 5.0;
				TARGETED_DEVICE_FAMILY = "1,2";
				TEST_HOST = "$(BUILT_PRODUCTS_DIR)/BiomarinPKU.app/BiomarinPKU";
			};
			name = Debug;
		};
		F8061198227BA027005FCABF /* Release */ = {
			isa = XCBuildConfiguration;
			buildSettings = {
				ALWAYS_EMBED_SWIFT_STANDARD_LIBRARIES = YES;
				BUNDLE_LOADER = "$(TEST_HOST)";
				CODE_SIGN_STYLE = Automatic;
				DEVELOPMENT_TEAM = KA9Z8R6M6K;
				INFOPLIST_FILE = BiomarinPKUTests/Info.plist;
				LD_RUNPATH_SEARCH_PATHS = (
					"$(inherited)",
					"@executable_path/Frameworks",
					"@loader_path/Frameworks",
				);
				PRODUCT_BUNDLE_IDENTIFIER = org.sagebionetworks.BiomarinPKUTests;
				PRODUCT_NAME = "$(TARGET_NAME)";
				SWIFT_VERSION = 5.0;
				TARGETED_DEVICE_FAMILY = "1,2";
				TEST_HOST = "$(BUILT_PRODUCTS_DIR)/BiomarinPKU.app/BiomarinPKU";
			};
			name = Release;
		};
		FF3CC63A22D7BAA70037E65B /* Debug */ = {
			isa = XCBuildConfiguration;
			buildSettings = {
				ASSETCATALOG_COMPILER_APPICON_NAME = AppIcon;
				CODE_SIGN_ENTITLEMENTS = "BiomarinPKU-Study/BiomarinPKU-Study.entitlements";
				CODE_SIGN_STYLE = Automatic;
				DEVELOPMENT_TEAM = KA9Z8R6M6K;
				FRAMEWORK_SEARCH_PATHS = (
					"$(inherited)",
					"$(PROJECT_DIR)/Frameworks",
				);
				INFOPLIST_FILE = "BiomarinPKU-Study/Info.plist";
				LD_RUNPATH_SEARCH_PATHS = (
					"$(inherited)",
					"@executable_path/Frameworks",
				);
				PRODUCT_BUNDLE_IDENTIFIER = org.sageBionetworks.BiomarinPKU.studyApp;
				PRODUCT_NAME = "$(TARGET_NAME)";
				SWIFT_OBJC_BRIDGING_HEADER = "BiomarinPKU/BiomarinPKU-Bridging-Header.h";
				SWIFT_VERSION = 5.0;
				TARGETED_DEVICE_FAMILY = 1;
			};
			name = Debug;
		};
		FF3CC63B22D7BAA70037E65B /* Release */ = {
			isa = XCBuildConfiguration;
			buildSettings = {
				ASSETCATALOG_COMPILER_APPICON_NAME = AppIcon;
				CODE_SIGN_ENTITLEMENTS = "BiomarinPKU-Study/BiomarinPKU-Study.entitlements";
				CODE_SIGN_STYLE = Automatic;
				DEVELOPMENT_TEAM = KA9Z8R6M6K;
				FRAMEWORK_SEARCH_PATHS = (
					"$(inherited)",
					"$(PROJECT_DIR)/Frameworks",
				);
				INFOPLIST_FILE = "BiomarinPKU-Study/Info.plist";
				LD_RUNPATH_SEARCH_PATHS = (
					"$(inherited)",
					"@executable_path/Frameworks",
				);
				PRODUCT_BUNDLE_IDENTIFIER = org.sageBionetworks.BiomarinPKU.studyApp;
				PRODUCT_NAME = "$(TARGET_NAME)";
				SWIFT_OBJC_BRIDGING_HEADER = "BiomarinPKU/BiomarinPKU-Bridging-Header.h";
				SWIFT_VERSION = 5.0;
				TARGETED_DEVICE_FAMILY = 1;
			};
			name = Release;
		};
/* End XCBuildConfiguration section */

/* Begin XCConfigurationList section */
		CB2B536922FF845000C3F87F /* Build configuration list for PBXNativeTarget "BiomarinPKUStudyTests" */ = {
			isa = XCConfigurationList;
			buildConfigurations = (
				CB2B536A22FF845000C3F87F /* Debug */,
				CB2B536B22FF845000C3F87F /* Release */,
			);
			defaultConfigurationIsVisible = 0;
			defaultConfigurationName = Release;
		};
		F8061171227BA025005FCABF /* Build configuration list for PBXProject "BiomarinPKU" */ = {
			isa = XCConfigurationList;
			buildConfigurations = (
				F8061191227BA027005FCABF /* Debug */,
				F8061192227BA027005FCABF /* Release */,
			);
			defaultConfigurationIsVisible = 0;
			defaultConfigurationName = Release;
		};
		F8061193227BA027005FCABF /* Build configuration list for PBXNativeTarget "BiomarinPKU" */ = {
			isa = XCConfigurationList;
			buildConfigurations = (
				F8061194227BA027005FCABF /* Debug */,
				F8061195227BA027005FCABF /* Release */,
			);
			defaultConfigurationIsVisible = 0;
			defaultConfigurationName = Release;
		};
		F8061196227BA027005FCABF /* Build configuration list for PBXNativeTarget "BiomarinPKUTests" */ = {
			isa = XCConfigurationList;
			buildConfigurations = (
				F8061197227BA027005FCABF /* Debug */,
				F8061198227BA027005FCABF /* Release */,
			);
			defaultConfigurationIsVisible = 0;
			defaultConfigurationName = Release;
		};
		FF3CC63C22D7BAA70037E65B /* Build configuration list for PBXNativeTarget "BiomarinPKU-Study" */ = {
			isa = XCConfigurationList;
			buildConfigurations = (
				FF3CC63A22D7BAA70037E65B /* Debug */,
				FF3CC63B22D7BAA70037E65B /* Release */,
			);
			defaultConfigurationIsVisible = 0;
			defaultConfigurationName = Release;
		};
/* End XCConfigurationList section */
	};
	rootObject = F806116E227BA025005FCABF /* Project object */;
}
